// !$*UTF8*$!
{
	archiveVersion = 1;
	classes = {
	};
	objectVersion = 45;
	objects = {

/* Begin PBXBuildFile section */
		1D3623260D0F684500981E51 /* TestShinyCocosAppDelegate.m in Sources */ = {isa = PBXBuildFile; fileRef = 1D3623250D0F684500981E51 /* TestShinyCocosAppDelegate.m */; };
		1D60589B0D05DD56006BFB54 /* main.m in Sources */ = {isa = PBXBuildFile; fileRef = 29B97316FDCFA39411CA2CEA /* main.m */; };
		A9066C930FBB18830020ABC5 /* CoreGraphics.framework in Frameworks */ = {isa = PBXBuildFile; fileRef = A9066C8E0FBB18830020ABC5 /* CoreGraphics.framework */; };
		A9066C940FBB18830020ABC5 /* Foundation.framework in Frameworks */ = {isa = PBXBuildFile; fileRef = A9066C8F0FBB18830020ABC5 /* Foundation.framework */; };
		A9066C950FBB18830020ABC5 /* OpenGLES.framework in Frameworks */ = {isa = PBXBuildFile; fileRef = A9066C900FBB18830020ABC5 /* OpenGLES.framework */; };
		A9066C960FBB18830020ABC5 /* QuartzCore.framework in Frameworks */ = {isa = PBXBuildFile; fileRef = A9066C910FBB18830020ABC5 /* QuartzCore.framework */; };
		A9066C970FBB18830020ABC5 /* UIKit.framework in Frameworks */ = {isa = PBXBuildFile; fileRef = A9066C920FBB18830020ABC5 /* UIKit.framework */; };
		A9066D000FBB19F80020ABC5 /* libChipmunk.a in Frameworks */ = {isa = PBXBuildFile; fileRef = A9A056CE0F9E9AB600C85842 /* libChipmunk.a */; };
		A9066D910FBB55610020ABC5 /* lib in Resources */ = {isa = PBXBuildFile; fileRef = A9066D210FBB55610020ABC5 /* lib */; };
		A93327D00FC1DD3900843F58 /* f1.png in Resources */ = {isa = PBXBuildFile; fileRef = A93327CC0FC1DD3900843F58 /* f1.png */; };
		A93327D10FC1DD3900843F58 /* f2.png in Resources */ = {isa = PBXBuildFile; fileRef = A93327CD0FC1DD3900843F58 /* f2.png */; };
		A93327D20FC1DD3900843F58 /* r1.png in Resources */ = {isa = PBXBuildFile; fileRef = A93327CE0FC1DD3900843F58 /* r1.png */; };
		A93327D30FC1DD3900843F58 /* r2.png in Resources */ = {isa = PBXBuildFile; fileRef = A93327CF0FC1DD3900843F58 /* r2.png */; };
		A93D7EA10FBE0BF300731024 /* vendor in Resources */ = {isa = PBXBuildFile; fileRef = A93D7E9B0FBE0BF300731024 /* vendor */; };
		A98CD4320FB4B2750017E521 /* grossini_dance_atlas.pvr in Resources */ = {isa = PBXBuildFile; fileRef = A98CD4310FB4B2750017E521 /* grossini_dance_atlas.pvr */; };
		A98CD4A70FB4BBA90017E521 /* AccelerometerSimulation.m in Sources */ = {isa = PBXBuildFile; fileRef = A98CD4A60FB4BBA90017E521 /* AccelerometerSimulation.m */; };
		A9A057090F9E9B1600C85842 /* fps_images.png in Resources */ = {isa = PBXBuildFile; fileRef = A9A057060F9E9B1600C85842 /* fps_images.png */; };
		A9A0570B0F9E9B1600C85842 /* main.rb in Resources */ = {isa = PBXBuildFile; fileRef = A9A057080F9E9B1600C85842 /* main.rb */; };
		A9A057340F9E9B6200C85842 /* libShinyCocos.a in Frameworks */ = {isa = PBXBuildFile; fileRef = A9A056A10F9E9AAD00C85842 /* libShinyCocos.a */; };
		A9A057350F9E9B6800C85842 /* libcocos2d.a in Frameworks */ = {isa = PBXBuildFile; fileRef = A9A056D00F9E9AB600C85842 /* libcocos2d.a */; };
		A9C20B750FC115B500D3D8F8 /* b1.png in Resources */ = {isa = PBXBuildFile; fileRef = A9C20B740FC115B500D3D8F8 /* b1.png */; };
		A9C20BED0FC11FDC00D3D8F8 /* b2.png in Resources */ = {isa = PBXBuildFile; fileRef = A9C20BEC0FC11FDC00D3D8F8 /* b2.png */; };
		A9E291C90FBA38BB00DA3C1E /* tiles.png in Resources */ = {isa = PBXBuildFile; fileRef = A9E291C80FBA38BB00DA3C1E /* tiles.png */; };
		A9E291CB0FBA3A4300DA3C1E /* TestTiled.tmx in Resources */ = {isa = PBXBuildFile; fileRef = A9E291CA0FBA3A4300DA3C1E /* TestTiled.tmx */; };
		A9E53E960F9F6BB9001DC55F /* Entitlements.plist in Resources */ = {isa = PBXBuildFile; fileRef = A9E53E950F9F6BB9001DC55F /* Entitlements.plist */; };
/* End PBXBuildFile section */

/* Begin PBXContainerItemProxy section */
		A95E97770FB45F32001A6523 /* PBXContainerItemProxy */ = {
			isa = PBXContainerItemProxy;
			containerPortal = A9A056A20F9E9AB600C85842 /* cocos2d-iphone.xcodeproj */;
			proxyType = 1;
			remoteGlobalIDString = 50B2C4D00E100AEA00AE9530;
			remoteInfo = Chipmunk;
		};
		A9A056A00F9E9AAD00C85842 /* PBXContainerItemProxy */ = {
			isa = PBXContainerItemProxy;
			containerPortal = A9A056990F9E9AAD00C85842 /* ShinyCocos.xcodeproj */;
			proxyType = 2;
			remoteGlobalIDString = D2AAC046055464E500DB518D;
			remoteInfo = ShinyCocos;
		};
		A9A056C70F9E9AB600C85842 /* PBXContainerItemProxy */ = {
			isa = PBXContainerItemProxy;
			containerPortal = A9A056A20F9E9AB600C85842 /* cocos2d-iphone.xcodeproj */;
			proxyType = 2;
			remoteGlobalIDString = 8E6CBEEF0F7A758000D47B3A;
			remoteInfo = vorbis;
		};
		A9A056C90F9E9AB600C85842 /* PBXContainerItemProxy */ = {
			isa = PBXContainerItemProxy;
			containerPortal = A9A056A20F9E9AB600C85842 /* cocos2d-iphone.xcodeproj */;
			proxyType = 2;
			remoteGlobalIDString = 509B3A0D0F31024E00F2FB95;
			remoteInfo = cocosLive;
		};
		A9A056CB0F9E9AB600C85842 /* PBXContainerItemProxy */ = {
			isa = PBXContainerItemProxy;
			containerPortal = A9A056A20F9E9AB600C85842 /* cocos2d-iphone.xcodeproj */;
			proxyType = 2;
			remoteGlobalIDString = 509B39DF0F31020900F2FB95;
			remoteInfo = TouchJSON;
		};
		A9A056CD0F9E9AB600C85842 /* PBXContainerItemProxy */ = {
			isa = PBXContainerItemProxy;
			containerPortal = A9A056A20F9E9AB600C85842 /* cocos2d-iphone.xcodeproj */;
			proxyType = 2;
			remoteGlobalIDString = 50B2C4D10E100AEA00AE9530;
			remoteInfo = Chipmunk;
		};
		A9A056CF0F9E9AB600C85842 /* PBXContainerItemProxy */ = {
			isa = PBXContainerItemProxy;
			containerPortal = A9A056A20F9E9AB600C85842 /* cocos2d-iphone.xcodeproj */;
			proxyType = 2;
			remoteGlobalIDString = 5018F24D0DFDEAC400C013A5;
			remoteInfo = cocos2d;
		};
		A9A056D10F9E9AB600C85842 /* PBXContainerItemProxy */ = {
			isa = PBXContainerItemProxy;
			containerPortal = A9A056A20F9E9AB600C85842 /* cocos2d-iphone.xcodeproj */;
			proxyType = 2;
			remoteGlobalIDString = 502C65EE0DFEF3DD00E4107D;
			remoteInfo = "cocos2d-documentation";
		};
		A9A056D30F9E9AB600C85842 /* PBXContainerItemProxy */ = {
			isa = PBXContainerItemProxy;
			containerPortal = A9A056A20F9E9AB600C85842 /* cocos2d-iphone.xcodeproj */;
			proxyType = 2;
			remoteGlobalIDString = 3170705B0E2940C900DD3360;
			remoteInfo = AccelViewportTest;
		};
		A9A056D50F9E9AB600C85842 /* PBXContainerItemProxy */ = {
			isa = PBXContainerItemProxy;
			containerPortal = A9A056A20F9E9AB600C85842 /* cocos2d-iphone.xcodeproj */;
			proxyType = 2;
			remoteGlobalIDString = 506882110E95761200F943E5;
			remoteInfo = AtlasTest;
		};
		A9A056D70F9E9AB600C85842 /* PBXContainerItemProxy */ = {
			isa = PBXContainerItemProxy;
			containerPortal = A9A056A20F9E9AB600C85842 /* cocos2d-iphone.xcodeproj */;
			proxyType = 2;
			remoteGlobalIDString = 501C7C910F91EFFF0024A296;
			remoteInfo = AtlasSpriteTest;
		};
		A9A056D90F9E9AB600C85842 /* PBXContainerItemProxy */ = {
			isa = PBXContainerItemProxy;
			containerPortal = A9A056A20F9E9AB600C85842 /* cocos2d-iphone.xcodeproj */;
			proxyType = 2;
			remoteGlobalIDString = 504828800F45AED700A30CEF;
			remoteInfo = AttachTest;
		};
		A9A056DB0F9E9AB600C85842 /* PBXContainerItemProxy */ = {
			isa = PBXContainerItemProxy;
			containerPortal = A9A056A20F9E9AB600C85842 /* cocos2d-iphone.xcodeproj */;
			proxyType = 2;
			remoteGlobalIDString = 50B2C5E80E100EF000AE9530;
			remoteInfo = ChipmunkAccelTouchTest;
		};
		A9A056DD0F9E9AB600C85842 /* PBXContainerItemProxy */ = {
			isa = PBXContainerItemProxy;
			containerPortal = A9A056A20F9E9AB600C85842 /* cocos2d-iphone.xcodeproj */;
			proxyType = 2;
			remoteGlobalIDString = 50B2CE460E129FD900AE9530;
			remoteInfo = ChipmunkTest;
		};
		A9A056DF0F9E9AB600C85842 /* PBXContainerItemProxy */ = {
			isa = PBXContainerItemProxy;
			containerPortal = A9A056A20F9E9AB600C85842 /* cocos2d-iphone.xcodeproj */;
			proxyType = 2;
			remoteGlobalIDString = 506C77E20E01520900B48100;
			remoteInfo = ClickAndMoveTest;
		};
		A9A056E10F9E9AB600C85842 /* PBXContainerItemProxy */ = {
			isa = PBXContainerItemProxy;
			containerPortal = A9A056A20F9E9AB600C85842 /* cocos2d-iphone.xcodeproj */;
			proxyType = 2;
			remoteGlobalIDString = 509B3A280F3102FD00F2FB95;
			remoteInfo = cocosLiveTest;
		};
		A9A056E30F9E9AB600C85842 /* PBXContainerItemProxy */ = {
			isa = PBXContainerItemProxy;
			containerPortal = A9A056A20F9E9AB600C85842 /* cocos2d-iphone.xcodeproj */;
			proxyType = 2;
			remoteGlobalIDString = 506144080E589A2E003CCDB7;
			remoteInfo = cocosnodeTest;
		};
		A9A056E50F9E9AB600C85842 /* PBXContainerItemProxy */ = {
			isa = PBXContainerItemProxy;
			containerPortal = A9A056A20F9E9AB600C85842 /* cocos2d-iphone.xcodeproj */;
			proxyType = 2;
			remoteGlobalIDString = 501945740F964C620059CE7C;
			remoteInfo = drawPrimitivesTest;
		};
		A9A056E70F9E9AB600C85842 /* PBXContainerItemProxy */ = {
			isa = PBXContainerItemProxy;
			containerPortal = A9A056A20F9E9AB600C85842 /* cocos2d-iphone.xcodeproj */;
			proxyType = 2;
			remoteGlobalIDString = 505B63A30F2F4210001B4104;
			remoteInfo = EaseActionsTest;
		};
		A9A056E90F9E9AB600C85842 /* PBXContainerItemProxy */ = {
			isa = PBXContainerItemProxy;
			containerPortal = A9A056A20F9E9AB600C85842 /* cocos2d-iphone.xcodeproj */;
			proxyType = 2;
			remoteGlobalIDString = 50A24E440F377FA1007CAEB0;
			remoteInfo = EffectsTest;
		};
		A9A056EB0F9E9AB600C85842 /* PBXContainerItemProxy */ = {
			isa = PBXContainerItemProxy;
			containerPortal = A9A056A20F9E9AB600C85842 /* cocos2d-iphone.xcodeproj */;
			proxyType = 2;
			remoteGlobalIDString = 50D56FD20F3FABEC007CD6B9;
			remoteInfo = EffectsAdvancedTest;
		};
		A9A056ED0F9E9AB600C85842 /* PBXContainerItemProxy */ = {
			isa = PBXContainerItemProxy;
			containerPortal = A9A056A20F9E9AB600C85842 /* cocos2d-iphone.xcodeproj */;
			proxyType = 2;
			remoteGlobalIDString = 50C7D4950E5C2ED80035ACA2;
			remoteInfo = IntervalTest;
		};
		A9A056EF0F9E9AB600C85842 /* PBXContainerItemProxy */ = {
			isa = PBXContainerItemProxy;
			containerPortal = A9A056A20F9E9AB600C85842 /* cocos2d-iphone.xcodeproj */;
			proxyType = 2;
			remoteGlobalIDString = 506C7A090E01C73A00B48100;
			remoteInfo = MenuTest;
		};
		A9A056F10F9E9AB600C85842 /* PBXContainerItemProxy */ = {
			isa = PBXContainerItemProxy;
			containerPortal = A9A056A20F9E9AB600C85842 /* cocos2d-iphone.xcodeproj */;
			proxyType = 2;
			remoteGlobalIDString = 50C195600EE4B57E00829067;
			remoteInfo = ParallaxTest;
		};
		A9A056F30F9E9AB600C85842 /* PBXContainerItemProxy */ = {
			isa = PBXContainerItemProxy;
			containerPortal = A9A056A20F9E9AB600C85842 /* cocos2d-iphone.xcodeproj */;
			proxyType = 2;
			remoteGlobalIDString = 50DB1BCA0E1C1E5900A89DFF;
			remoteInfo = ParticleTest;
		};
		A9A056F50F9E9AB600C85842 /* PBXContainerItemProxy */ = {
			isa = PBXContainerItemProxy;
			containerPortal = A9A056A20F9E9AB600C85842 /* cocos2d-iphone.xcodeproj */;
			proxyType = 2;
			remoteGlobalIDString = 505CC1590F62BB03000EDF26;
			remoteInfo = PerformanceTest;
		};
		A9A056F70F9E9AB600C85842 /* PBXContainerItemProxy */ = {
			isa = PBXContainerItemProxy;
			containerPortal = A9A056A20F9E9AB600C85842 /* cocos2d-iphone.xcodeproj */;
			proxyType = 2;
			remoteGlobalIDString = 502C66180DFEFCCA00E4107D;
			remoteInfo = RotateWorldTest;
		};
		A9A056F90F9E9AB600C85842 /* PBXContainerItemProxy */ = {
			isa = PBXContainerItemProxy;
			containerPortal = A9A056A20F9E9AB600C85842 /* cocos2d-iphone.xcodeproj */;
			proxyType = 2;
			remoteGlobalIDString = 506C800E0E041C9300B48100;
			remoteInfo = SceneTest;
		};
		A9A056FB0F9E9AB600C85842 /* PBXContainerItemProxy */ = {
			isa = PBXContainerItemProxy;
			containerPortal = A9A056A20F9E9AB600C85842 /* cocos2d-iphone.xcodeproj */;
			proxyType = 2;
			remoteGlobalIDString = 8EDF3ED80F6BDA0000F54643;
			remoteInfo = "SoundEngineTest (experimental)";
		};
		A9A056FD0F9E9AB600C85842 /* PBXContainerItemProxy */ = {
			isa = PBXContainerItemProxy;
			containerPortal = A9A056A20F9E9AB600C85842 /* cocos2d-iphone.xcodeproj */;
			proxyType = 2;
			remoteGlobalIDString = 50C93AAD0E0BF6E000517B01;
			remoteInfo = SpritesTest;
		};
		A9A056FF0F9E9AB600C85842 /* PBXContainerItemProxy */ = {
			isa = PBXContainerItemProxy;
			containerPortal = A9A056A20F9E9AB600C85842 /* cocos2d-iphone.xcodeproj */;
			proxyType = 2;
			remoteGlobalIDString = 50A783C40F3AFCE500104C45;
			remoteInfo = "StreakTest (experimental)";
		};
		A9A057010F9E9AB600C85842 /* PBXContainerItemProxy */ = {
			isa = PBXContainerItemProxy;
			containerPortal = A9A056A20F9E9AB600C85842 /* cocos2d-iphone.xcodeproj */;
			proxyType = 2;
			remoteGlobalIDString = 505B62D60F2E6A0F001B4104;
			remoteInfo = Texture2dTest;
		};
		A9A057030F9E9AB600C85842 /* PBXContainerItemProxy */ = {
			isa = PBXContainerItemProxy;
			containerPortal = A9A056A20F9E9AB600C85842 /* cocos2d-iphone.xcodeproj */;
			proxyType = 2;
			remoteGlobalIDString = 50C938E00E0A9DBB00517B01;
			remoteInfo = TransitionsTest;
		};
		A9A057300F9E9B3400C85842 /* PBXContainerItemProxy */ = {
			isa = PBXContainerItemProxy;
			containerPortal = A9A056A20F9E9AB600C85842 /* cocos2d-iphone.xcodeproj */;
			proxyType = 1;
			remoteGlobalIDString = 5018F24C0DFDEAC400C013A5;
			remoteInfo = cocos2d;
		};
		A9A057320F9E9B3700C85842 /* PBXContainerItemProxy */ = {
			isa = PBXContainerItemProxy;
			containerPortal = A9A056990F9E9AAD00C85842 /* ShinyCocos.xcodeproj */;
			proxyType = 1;
			remoteGlobalIDString = D2AAC045055464E500DB518D;
			remoteInfo = ShinyCocos;
		};
/* End PBXContainerItemProxy section */

/* Begin PBXFileReference section */
		1D3623240D0F684500981E51 /* TestShinyCocosAppDelegate.h */ = {isa = PBXFileReference; fileEncoding = 4; lastKnownFileType = sourcecode.c.h; path = TestShinyCocosAppDelegate.h; sourceTree = "<group>"; };
		1D3623250D0F684500981E51 /* TestShinyCocosAppDelegate.m */ = {isa = PBXFileReference; fileEncoding = 4; lastKnownFileType = sourcecode.c.objc; path = TestShinyCocosAppDelegate.m; sourceTree = "<group>"; };
		1D6058910D05DD3D006BFB54 /* TestShinyCocos.app */ = {isa = PBXFileReference; explicitFileType = wrapper.application; includeInIndex = 0; path = TestShinyCocos.app; sourceTree = BUILT_PRODUCTS_DIR; };
		29B97316FDCFA39411CA2CEA /* main.m */ = {isa = PBXFileReference; fileEncoding = 4; lastKnownFileType = sourcecode.c.objc; path = main.m; sourceTree = "<group>"; };
		32CA4F630368D1EE00C91783 /* TestShinyCocos_Prefix.pch */ = {isa = PBXFileReference; fileEncoding = 4; lastKnownFileType = sourcecode.c.h; path = TestShinyCocos_Prefix.pch; sourceTree = "<group>"; };
		8D1107310486CEB800E47090 /* Info.plist */ = {isa = PBXFileReference; fileEncoding = 4; lastKnownFileType = text.plist.xml; path = Info.plist; sourceTree = "<group>"; };
		A9066C8E0FBB18830020ABC5 /* CoreGraphics.framework */ = {isa = PBXFileReference; lastKnownFileType = wrapper.framework; name = CoreGraphics.framework; path = System/Library/Frameworks/CoreGraphics.framework; sourceTree = SDKROOT; };
		A9066C8F0FBB18830020ABC5 /* Foundation.framework */ = {isa = PBXFileReference; lastKnownFileType = wrapper.framework; name = Foundation.framework; path = System/Library/Frameworks/Foundation.framework; sourceTree = SDKROOT; };
		A9066C900FBB18830020ABC5 /* OpenGLES.framework */ = {isa = PBXFileReference; lastKnownFileType = wrapper.framework; name = OpenGLES.framework; path = System/Library/Frameworks/OpenGLES.framework; sourceTree = SDKROOT; };
		A9066C910FBB18830020ABC5 /* QuartzCore.framework */ = {isa = PBXFileReference; lastKnownFileType = wrapper.framework; name = QuartzCore.framework; path = System/Library/Frameworks/QuartzCore.framework; sourceTree = SDKROOT; };
		A9066C920FBB18830020ABC5 /* UIKit.framework */ = {isa = PBXFileReference; lastKnownFileType = wrapper.framework; name = UIKit.framework; path = System/Library/Frameworks/UIKit.framework; sourceTree = SDKROOT; };
		A9066D210FBB55610020ABC5 /* lib */ = {isa = PBXFileReference; lastKnownFileType = folder; path = lib; sourceTree = "<group>"; };
		A93327CC0FC1DD3900843F58 /* f1.png */ = {isa = PBXFileReference; lastKnownFileType = image.png; path = f1.png; sourceTree = "<group>"; };
		A93327CD0FC1DD3900843F58 /* f2.png */ = {isa = PBXFileReference; lastKnownFileType = image.png; path = f2.png; sourceTree = "<group>"; };
		A93327CE0FC1DD3900843F58 /* r1.png */ = {isa = PBXFileReference; lastKnownFileType = image.png; path = r1.png; sourceTree = "<group>"; };
		A93327CF0FC1DD3900843F58 /* r2.png */ = {isa = PBXFileReference; lastKnownFileType = image.png; path = r2.png; sourceTree = "<group>"; };
		A93D7E9B0FBE0BF300731024 /* vendor */ = {isa = PBXFileReference; lastKnownFileType = folder; path = vendor; sourceTree = "<group>"; };
		A98CD4310FB4B2750017E521 /* grossini_dance_atlas.pvr */ = {isa = PBXFileReference; lastKnownFileType = file; path = grossini_dance_atlas.pvr; sourceTree = "<group>"; };
		A98CD4A50FB4BBA90017E521 /* AccelerometerSimulation.h */ = {isa = PBXFileReference; fileEncoding = 4; lastKnownFileType = sourcecode.c.h; path = AccelerometerSimulation.h; sourceTree = "<group>"; };
		A98CD4A60FB4BBA90017E521 /* AccelerometerSimulation.m */ = {isa = PBXFileReference; fileEncoding = 4; lastKnownFileType = sourcecode.c.objc; path = AccelerometerSimulation.m; sourceTree = "<group>"; };
		A9A056990F9E9AAD00C85842 /* ShinyCocos.xcodeproj */ = {isa = PBXFileReference; lastKnownFileType = "wrapper.pb-project"; name = ShinyCocos.xcodeproj; path = ../ShinyCocos.xcodeproj; sourceTree = SOURCE_ROOT; };
		A9A056A20F9E9AB600C85842 /* cocos2d-iphone.xcodeproj */ = {isa = PBXFileReference; lastKnownFileType = "wrapper.pb-project"; name = "cocos2d-iphone.xcodeproj"; path = "../cocos2d-iphone/cocos2d-iphone.xcodeproj"; sourceTree = SOURCE_ROOT; };
		A9A057060F9E9B1600C85842 /* fps_images.png */ = {isa = PBXFileReference; lastKnownFileType = image.png; path = fps_images.png; sourceTree = "<group>"; };
		A9A057080F9E9B1600C85842 /* main.rb */ = {isa = PBXFileReference; fileEncoding = 4; lastKnownFileType = text.script.ruby; path = main.rb; sourceTree = "<group>"; };
		A9C20B740FC115B500D3D8F8 /* b1.png */ = {isa = PBXFileReference; lastKnownFileType = image.png; path = b1.png; sourceTree = "<group>"; };
		A9C20BEC0FC11FDC00D3D8F8 /* b2.png */ = {isa = PBXFileReference; lastKnownFileType = image.png; path = b2.png; sourceTree = "<group>"; };
		A9E291C80FBA38BB00DA3C1E /* tiles.png */ = {isa = PBXFileReference; lastKnownFileType = image.png; path = tiles.png; sourceTree = "<group>"; };
		A9E291CA0FBA3A4300DA3C1E /* TestTiled.tmx */ = {isa = PBXFileReference; fileEncoding = 4; lastKnownFileType = text.xml; path = TestTiled.tmx; sourceTree = "<group>"; };
		A9E53E950F9F6BB9001DC55F /* Entitlements.plist */ = {isa = PBXFileReference; fileEncoding = 4; lastKnownFileType = text.plist.xml; path = Entitlements.plist; sourceTree = "<group>"; };
/* End PBXFileReference section */

/* Begin PBXFrameworksBuildPhase section */
		1D60588F0D05DD3D006BFB54 /* Frameworks */ = {
			isa = PBXFrameworksBuildPhase;
			buildActionMask = 2147483647;
			files = (
				A9A057340F9E9B6200C85842 /* libShinyCocos.a in Frameworks */,
				A9A057350F9E9B6800C85842 /* libcocos2d.a in Frameworks */,
				A9066D000FBB19F80020ABC5 /* libChipmunk.a in Frameworks */,
				A9066C930FBB18830020ABC5 /* CoreGraphics.framework in Frameworks */,
				A9066C940FBB18830020ABC5 /* Foundation.framework in Frameworks */,
				A9066C950FBB18830020ABC5 /* OpenGLES.framework in Frameworks */,
				A9066C960FBB18830020ABC5 /* QuartzCore.framework in Frameworks */,
				A9066C970FBB18830020ABC5 /* UIKit.framework in Frameworks */,
			);
			runOnlyForDeploymentPostprocessing = 0;
		};
/* End PBXFrameworksBuildPhase section */

/* Begin PBXGroup section */
		080E96DDFE201D6D7F000001 /* Classes */ = {
			isa = PBXGroup;
			children = (
				1D3623240D0F684500981E51 /* TestShinyCocosAppDelegate.h */,
				1D3623250D0F684500981E51 /* TestShinyCocosAppDelegate.m */,
			);
			path = Classes;
			sourceTree = "<group>";
		};
		19C28FACFE9D520D11CA2CBB /* Products */ = {
			isa = PBXGroup;
			children = (
				1D6058910D05DD3D006BFB54 /* TestShinyCocos.app */,
			);
			name = Products;
			sourceTree = "<group>";
		};
		29B97314FDCFA39411CA2CEA /* CustomTemplate */ = {
			isa = PBXGroup;
			children = (
				A9A056A20F9E9AB600C85842 /* cocos2d-iphone.xcodeproj */,
				A9A056990F9E9AAD00C85842 /* ShinyCocos.xcodeproj */,
				A98CD4A80FB4BBAE0017E521 /* AccSim */,
				080E96DDFE201D6D7F000001 /* Classes */,
				29B97315FDCFA39411CA2CEA /* Other Sources */,
				29B97317FDCFA39411CA2CEA /* Resources */,
				29B97323FDCFA39411CA2CEA /* Frameworks */,
				19C28FACFE9D520D11CA2CBB /* Products */,
			);
			name = CustomTemplate;
			sourceTree = "<group>";
		};
		29B97315FDCFA39411CA2CEA /* Other Sources */ = {
			isa = PBXGroup;
			children = (
				A9A057080F9E9B1600C85842 /* main.rb */,
				32CA4F630368D1EE00C91783 /* TestShinyCocos_Prefix.pch */,
				29B97316FDCFA39411CA2CEA /* main.m */,
			);
			name = "Other Sources";
			sourceTree = "<group>";
		};
		29B97317FDCFA39411CA2CEA /* Resources */ = {
			isa = PBXGroup;
			children = (
				A93328070FC1DFCC00843F58 /* Images */,
				A9066D210FBB55610020ABC5 /* lib */,
				A93D7E9B0FBE0BF300731024 /* vendor */,
				A9E291CA0FBA3A4300DA3C1E /* TestTiled.tmx */,
				8D1107310486CEB800E47090 /* Info.plist */,
				A9E53E950F9F6BB9001DC55F /* Entitlements.plist */,
			);
			name = Resources;
			sourceTree = "<group>";
		};
		29B97323FDCFA39411CA2CEA /* Frameworks */ = {
			isa = PBXGroup;
			children = (
				A9066C8F0FBB18830020ABC5 /* Foundation.framework */,
				A9066C8E0FBB18830020ABC5 /* CoreGraphics.framework */,
				A9066C900FBB18830020ABC5 /* OpenGLES.framework */,
				A9066C910FBB18830020ABC5 /* QuartzCore.framework */,
				A9066C920FBB18830020ABC5 /* UIKit.framework */,
			);
			name = Frameworks;
			sourceTree = "<group>";
		};
		A93328070FC1DFCC00843F58 /* Images */ = {
			isa = PBXGroup;
			children = (
				A98CD4310FB4B2750017E521 /* grossini_dance_atlas.pvr */,
				A9E291C80FBA38BB00DA3C1E /* tiles.png */,
				A9A057060F9E9B1600C85842 /* fps_images.png */,
				A93327CC0FC1DD3900843F58 /* f1.png */,
				A93327CD0FC1DD3900843F58 /* f2.png */,
				A93327CE0FC1DD3900843F58 /* r1.png */,
				A93327CF0FC1DD3900843F58 /* r2.png */,
				A9C20BEC0FC11FDC00D3D8F8 /* b2.png */,
				A9C20B740FC115B500D3D8F8 /* b1.png */,
			);
			name = Images;
			sourceTree = "<group>";
		};
		A98CD4A80FB4BBAE0017E521 /* AccSim */ = {
			isa = PBXGroup;
			children = (
				A98CD4A50FB4BBA90017E521 /* AccelerometerSimulation.h */,
				A98CD4A60FB4BBA90017E521 /* AccelerometerSimulation.m */,
			);
			name = AccSim;
			sourceTree = "<group>";
		};
		A9A0569A0F9E9AAD00C85842 /* Products */ = {
			isa = PBXGroup;
			children = (
				A9A056A10F9E9AAD00C85842 /* libShinyCocos.a */,
			);
			name = Products;
			sourceTree = "<group>";
		};
		A9A056A30F9E9AB600C85842 /* Products */ = {
			isa = PBXGroup;
			children = (
				A9A056C80F9E9AB600C85842 /* libvorbis.a */,
				A9A056CA0F9E9AB600C85842 /* libcocos Live.a */,
				A9A056CC0F9E9AB600C85842 /* libTouchJSON.a */,
				A9A056CE0F9E9AB600C85842 /* libChipmunk.a */,
				A9A056D00F9E9AB600C85842 /* libcocos2d.a */,
				A9A056D20F9E9AB600C85842 /* libcocos2d-documentation.a */,
				A9A056D40F9E9AB600C85842 /* AccelViewportTest.app */,
				A9A056D60F9E9AB600C85842 /* AtlasTest.app */,
				A9A056D80F9E9AB600C85842 /* AtlasSpriteTest.app */,
				A9A056DA0F9E9AB600C85842 /* AttachTest.app */,
				A9A056DC0F9E9AB600C85842 /* ChipmunkAccelTouchTest.app */,
				A9A056DE0F9E9AB600C85842 /* ChipmunkTest.app */,
				A9A056E00F9E9AB600C85842 /* ClickAndMoveTest.app */,
				A9A056E20F9E9AB600C85842 /* cocosLiveTest.app */,
				A9A056E40F9E9AB600C85842 /* cocosnodeTest.app */,
				A9A056E60F9E9AB600C85842 /* drawPrimitivesTest.app */,
				A9A056E80F9E9AB600C85842 /* EaseActionsTest.app */,
				A9A056EA0F9E9AB600C85842 /* EffectsTest.app */,
				A9A056EC0F9E9AB600C85842 /* EffectsAdvancedTest.app */,
				A9A056EE0F9E9AB600C85842 /* IntervalTest.app */,
				A9A056F00F9E9AB600C85842 /* MenuTest.app */,
				A9A056F20F9E9AB600C85842 /* ParallaxTest.app */,
				A9A056F40F9E9AB600C85842 /* ParticleTest.app */,
				A9A056F60F9E9AB600C85842 /* PerformanceSpriteTest.app */,
				A9A056F80F9E9AB600C85842 /* RotateWorldTest.app */,
				A9A056FA0F9E9AB600C85842 /* SceneTest.app */,
				A9A056FC0F9E9AB600C85842 /* SoundEngineTest.app */,
				A9A056FE0F9E9AB600C85842 /* SpritesTest.app */,
				A9A057000F9E9AB600C85842 /* StreakTest.app */,
				A9A057020F9E9AB600C85842 /* Texture2dTest.app */,
				A9A057040F9E9AB600C85842 /* TransitionsTest.app */,
			);
			name = Products;
			sourceTree = "<group>";
		};
/* End PBXGroup section */

/* Begin PBXNativeTarget section */
		1D6058900D05DD3D006BFB54 /* TestShinyCocos */ = {
			isa = PBXNativeTarget;
			buildConfigurationList = 1D6058960D05DD3E006BFB54 /* Build configuration list for PBXNativeTarget "TestShinyCocos" */;
			buildPhases = (
				A93327F70FC1DF7100843F58 /* ShellScript */,
				1D60588D0D05DD3D006BFB54 /* Resources */,
				1D60588E0D05DD3D006BFB54 /* Sources */,
				1D60588F0D05DD3D006BFB54 /* Frameworks */,
			);
			buildRules = (
			);
			dependencies = (
				A9A057310F9E9B3400C85842 /* PBXTargetDependency */,
				A95E97780FB45F32001A6523 /* PBXTargetDependency */,
				A9A057330F9E9B3700C85842 /* PBXTargetDependency */,
			);
			name = TestShinyCocos;
			productName = TestShinyCocos;
			productReference = 1D6058910D05DD3D006BFB54 /* TestShinyCocos.app */;
			productType = "com.apple.product-type.application";
		};
/* End PBXNativeTarget section */

/* Begin PBXProject section */
		29B97313FDCFA39411CA2CEA /* Project object */ = {
			isa = PBXProject;
			buildConfigurationList = C01FCF4E08A954540054247B /* Build configuration list for PBXProject "TestShinyCocos" */;
			compatibilityVersion = "Xcode 3.1";
			hasScannedForEncodings = 1;
			mainGroup = 29B97314FDCFA39411CA2CEA /* CustomTemplate */;
			projectDirPath = "";
			projectReferences = (
				{
					ProductGroup = A9A056A30F9E9AB600C85842 /* Products */;
					ProjectRef = A9A056A20F9E9AB600C85842 /* cocos2d-iphone.xcodeproj */;
				},
				{
					ProductGroup = A9A0569A0F9E9AAD00C85842 /* Products */;
					ProjectRef = A9A056990F9E9AAD00C85842 /* ShinyCocos.xcodeproj */;
				},
			);
			projectRoot = "";
			targets = (
				1D6058900D05DD3D006BFB54 /* TestShinyCocos */,
			);
		};
/* End PBXProject section */

/* Begin PBXReferenceProxy section */
		A9A056A10F9E9AAD00C85842 /* libShinyCocos.a */ = {
			isa = PBXReferenceProxy;
			fileType = archive.ar;
			path = libShinyCocos.a;
			remoteRef = A9A056A00F9E9AAD00C85842 /* PBXContainerItemProxy */;
			sourceTree = BUILT_PRODUCTS_DIR;
		};
		A9A056C80F9E9AB600C85842 /* libvorbis.a */ = {
			isa = PBXReferenceProxy;
			fileType = archive.ar;
			path = libvorbis.a;
			remoteRef = A9A056C70F9E9AB600C85842 /* PBXContainerItemProxy */;
			sourceTree = BUILT_PRODUCTS_DIR;
		};
		A9A056CA0F9E9AB600C85842 /* libcocos Live.a */ = {
			isa = PBXReferenceProxy;
			fileType = archive.ar;
			path = "libcocos Live.a";
			remoteRef = A9A056C90F9E9AB600C85842 /* PBXContainerItemProxy */;
			sourceTree = BUILT_PRODUCTS_DIR;
		};
		A9A056CC0F9E9AB600C85842 /* libTouchJSON.a */ = {
			isa = PBXReferenceProxy;
			fileType = archive.ar;
			path = libTouchJSON.a;
			remoteRef = A9A056CB0F9E9AB600C85842 /* PBXContainerItemProxy */;
			sourceTree = BUILT_PRODUCTS_DIR;
		};
		A9A056CE0F9E9AB600C85842 /* libChipmunk.a */ = {
			isa = PBXReferenceProxy;
			fileType = archive.ar;
			path = libChipmunk.a;
			remoteRef = A9A056CD0F9E9AB600C85842 /* PBXContainerItemProxy */;
			sourceTree = BUILT_PRODUCTS_DIR;
		};
		A9A056D00F9E9AB600C85842 /* libcocos2d.a */ = {
			isa = PBXReferenceProxy;
			fileType = archive.ar;
			path = libcocos2d.a;
			remoteRef = A9A056CF0F9E9AB600C85842 /* PBXContainerItemProxy */;
			sourceTree = BUILT_PRODUCTS_DIR;
		};
		A9A056D20F9E9AB600C85842 /* libcocos2d-documentation.a */ = {
			isa = PBXReferenceProxy;
			fileType = archive.ar;
			path = "libcocos2d-documentation.a";
			remoteRef = A9A056D10F9E9AB600C85842 /* PBXContainerItemProxy */;
			sourceTree = BUILT_PRODUCTS_DIR;
		};
		A9A056D40F9E9AB600C85842 /* AccelViewportTest.app */ = {
			isa = PBXReferenceProxy;
			fileType = wrapper.application;
			path = AccelViewportTest.app;
			remoteRef = A9A056D30F9E9AB600C85842 /* PBXContainerItemProxy */;
			sourceTree = BUILT_PRODUCTS_DIR;
		};
		A9A056D60F9E9AB600C85842 /* AtlasTest.app */ = {
			isa = PBXReferenceProxy;
			fileType = wrapper.application;
			path = AtlasTest.app;
			remoteRef = A9A056D50F9E9AB600C85842 /* PBXContainerItemProxy */;
			sourceTree = BUILT_PRODUCTS_DIR;
		};
		A9A056D80F9E9AB600C85842 /* AtlasSpriteTest.app */ = {
			isa = PBXReferenceProxy;
			fileType = wrapper.application;
			path = AtlasSpriteTest.app;
			remoteRef = A9A056D70F9E9AB600C85842 /* PBXContainerItemProxy */;
			sourceTree = BUILT_PRODUCTS_DIR;
		};
		A9A056DA0F9E9AB600C85842 /* AttachTest.app */ = {
			isa = PBXReferenceProxy;
			fileType = wrapper.application;
			path = AttachTest.app;
			remoteRef = A9A056D90F9E9AB600C85842 /* PBXContainerItemProxy */;
			sourceTree = BUILT_PRODUCTS_DIR;
		};
		A9A056DC0F9E9AB600C85842 /* ChipmunkAccelTouchTest.app */ = {
			isa = PBXReferenceProxy;
			fileType = wrapper.application;
			path = ChipmunkAccelTouchTest.app;
			remoteRef = A9A056DB0F9E9AB600C85842 /* PBXContainerItemProxy */;
			sourceTree = BUILT_PRODUCTS_DIR;
		};
		A9A056DE0F9E9AB600C85842 /* ChipmunkTest.app */ = {
			isa = PBXReferenceProxy;
			fileType = wrapper.application;
			path = ChipmunkTest.app;
			remoteRef = A9A056DD0F9E9AB600C85842 /* PBXContainerItemProxy */;
			sourceTree = BUILT_PRODUCTS_DIR;
		};
		A9A056E00F9E9AB600C85842 /* ClickAndMoveTest.app */ = {
			isa = PBXReferenceProxy;
			fileType = wrapper.application;
			path = ClickAndMoveTest.app;
			remoteRef = A9A056DF0F9E9AB600C85842 /* PBXContainerItemProxy */;
			sourceTree = BUILT_PRODUCTS_DIR;
		};
		A9A056E20F9E9AB600C85842 /* cocosLiveTest.app */ = {
			isa = PBXReferenceProxy;
			fileType = wrapper.application;
			path = cocosLiveTest.app;
			remoteRef = A9A056E10F9E9AB600C85842 /* PBXContainerItemProxy */;
			sourceTree = BUILT_PRODUCTS_DIR;
		};
		A9A056E40F9E9AB600C85842 /* cocosnodeTest.app */ = {
			isa = PBXReferenceProxy;
			fileType = wrapper.application;
			path = cocosnodeTest.app;
			remoteRef = A9A056E30F9E9AB600C85842 /* PBXContainerItemProxy */;
			sourceTree = BUILT_PRODUCTS_DIR;
		};
		A9A056E60F9E9AB600C85842 /* drawPrimitivesTest.app */ = {
			isa = PBXReferenceProxy;
			fileType = wrapper.application;
			path = drawPrimitivesTest.app;
			remoteRef = A9A056E50F9E9AB600C85842 /* PBXContainerItemProxy */;
			sourceTree = BUILT_PRODUCTS_DIR;
		};
		A9A056E80F9E9AB600C85842 /* EaseActionsTest.app */ = {
			isa = PBXReferenceProxy;
			fileType = wrapper.application;
			path = EaseActionsTest.app;
			remoteRef = A9A056E70F9E9AB600C85842 /* PBXContainerItemProxy */;
			sourceTree = BUILT_PRODUCTS_DIR;
		};
		A9A056EA0F9E9AB600C85842 /* EffectsTest.app */ = {
			isa = PBXReferenceProxy;
			fileType = wrapper.application;
			path = EffectsTest.app;
			remoteRef = A9A056E90F9E9AB600C85842 /* PBXContainerItemProxy */;
			sourceTree = BUILT_PRODUCTS_DIR;
		};
		A9A056EC0F9E9AB600C85842 /* EffectsAdvancedTest.app */ = {
			isa = PBXReferenceProxy;
			fileType = wrapper.application;
			path = EffectsAdvancedTest.app;
			remoteRef = A9A056EB0F9E9AB600C85842 /* PBXContainerItemProxy */;
			sourceTree = BUILT_PRODUCTS_DIR;
		};
		A9A056EE0F9E9AB600C85842 /* IntervalTest.app */ = {
			isa = PBXReferenceProxy;
			fileType = wrapper.application;
			path = IntervalTest.app;
			remoteRef = A9A056ED0F9E9AB600C85842 /* PBXContainerItemProxy */;
			sourceTree = BUILT_PRODUCTS_DIR;
		};
		A9A056F00F9E9AB600C85842 /* MenuTest.app */ = {
			isa = PBXReferenceProxy;
			fileType = wrapper.application;
			path = MenuTest.app;
			remoteRef = A9A056EF0F9E9AB600C85842 /* PBXContainerItemProxy */;
			sourceTree = BUILT_PRODUCTS_DIR;
		};
		A9A056F20F9E9AB600C85842 /* ParallaxTest.app */ = {
			isa = PBXReferenceProxy;
			fileType = wrapper.application;
			path = ParallaxTest.app;
			remoteRef = A9A056F10F9E9AB600C85842 /* PBXContainerItemProxy */;
			sourceTree = BUILT_PRODUCTS_DIR;
		};
		A9A056F40F9E9AB600C85842 /* ParticleTest.app */ = {
			isa = PBXReferenceProxy;
			fileType = wrapper.application;
			path = ParticleTest.app;
			remoteRef = A9A056F30F9E9AB600C85842 /* PBXContainerItemProxy */;
			sourceTree = BUILT_PRODUCTS_DIR;
		};
		A9A056F60F9E9AB600C85842 /* PerformanceSpriteTest.app */ = {
			isa = PBXReferenceProxy;
			fileType = wrapper.application;
			path = PerformanceSpriteTest.app;
			remoteRef = A9A056F50F9E9AB600C85842 /* PBXContainerItemProxy */;
			sourceTree = BUILT_PRODUCTS_DIR;
		};
		A9A056F80F9E9AB600C85842 /* RotateWorldTest.app */ = {
			isa = PBXReferenceProxy;
			fileType = wrapper.application;
			path = RotateWorldTest.app;
			remoteRef = A9A056F70F9E9AB600C85842 /* PBXContainerItemProxy */;
			sourceTree = BUILT_PRODUCTS_DIR;
		};
		A9A056FA0F9E9AB600C85842 /* SceneTest.app */ = {
			isa = PBXReferenceProxy;
			fileType = wrapper.application;
			path = SceneTest.app;
			remoteRef = A9A056F90F9E9AB600C85842 /* PBXContainerItemProxy */;
			sourceTree = BUILT_PRODUCTS_DIR;
		};
		A9A056FC0F9E9AB600C85842 /* SoundEngineTest.app */ = {
			isa = PBXReferenceProxy;
			fileType = wrapper.application;
			path = SoundEngineTest.app;
			remoteRef = A9A056FB0F9E9AB600C85842 /* PBXContainerItemProxy */;
			sourceTree = BUILT_PRODUCTS_DIR;
		};
		A9A056FE0F9E9AB600C85842 /* SpritesTest.app */ = {
			isa = PBXReferenceProxy;
			fileType = wrapper.application;
			path = SpritesTest.app;
			remoteRef = A9A056FD0F9E9AB600C85842 /* PBXContainerItemProxy */;
			sourceTree = BUILT_PRODUCTS_DIR;
		};
		A9A057000F9E9AB600C85842 /* StreakTest.app */ = {
			isa = PBXReferenceProxy;
			fileType = wrapper.application;
			path = StreakTest.app;
			remoteRef = A9A056FF0F9E9AB600C85842 /* PBXContainerItemProxy */;
			sourceTree = BUILT_PRODUCTS_DIR;
		};
		A9A057020F9E9AB600C85842 /* Texture2dTest.app */ = {
			isa = PBXReferenceProxy;
			fileType = wrapper.application;
			path = Texture2dTest.app;
			remoteRef = A9A057010F9E9AB600C85842 /* PBXContainerItemProxy */;
			sourceTree = BUILT_PRODUCTS_DIR;
		};
		A9A057040F9E9AB600C85842 /* TransitionsTest.app */ = {
			isa = PBXReferenceProxy;
			fileType = wrapper.application;
			path = TransitionsTest.app;
			remoteRef = A9A057030F9E9AB600C85842 /* PBXContainerItemProxy */;
			sourceTree = BUILT_PRODUCTS_DIR;
		};
/* End PBXReferenceProxy section */

/* Begin PBXResourcesBuildPhase section */
		1D60588D0D05DD3D006BFB54 /* Resources */ = {
			isa = PBXResourcesBuildPhase;
			buildActionMask = 2147483647;
			files = (
				A9A057090F9E9B1600C85842 /* fps_images.png in Resources */,
				A9A0570B0F9E9B1600C85842 /* main.rb in Resources */,
				A9E53E960F9F6BB9001DC55F /* Entitlements.plist in Resources */,
				A98CD4320FB4B2750017E521 /* grossini_dance_atlas.pvr in Resources */,
				A9E291C90FBA38BB00DA3C1E /* tiles.png in Resources */,
				A9E291CB0FBA3A4300DA3C1E /* TestTiled.tmx in Resources */,
				A9066D910FBB55610020ABC5 /* lib in Resources */,
				A93D7EA10FBE0BF300731024 /* vendor in Resources */,
				A9C20B750FC115B500D3D8F8 /* b1.png in Resources */,
				A9C20BED0FC11FDC00D3D8F8 /* b2.png in Resources */,
				A93327D00FC1DD3900843F58 /* f1.png in Resources */,
				A93327D10FC1DD3900843F58 /* f2.png in Resources */,
				A93327D20FC1DD3900843F58 /* r1.png in Resources */,
				A93327D30FC1DD3900843F58 /* r2.png in Resources */,
			);
			runOnlyForDeploymentPostprocessing = 0;
		};
/* End PBXResourcesBuildPhase section */

/* Begin PBXShellScriptBuildPhase section */
		A93327F70FC1DF7100843F58 /* ShellScript */ = {
			isa = PBXShellScriptBuildPhase;
			buildActionMask = 2147483647;
			files = (
			);
			inputPaths = (
			);
			outputPaths = (
			);
			runOnlyForDeploymentPostprocessing = 0;
			shellPath = /bin/sh;
			shellScript = "touch -cm ${SRCROOT}/vendor\ntouch -cm ${SRCROOT}/lib";
		};
/* End PBXShellScriptBuildPhase section */

/* Begin PBXSourcesBuildPhase section */
		1D60588E0D05DD3D006BFB54 /* Sources */ = {
			isa = PBXSourcesBuildPhase;
			buildActionMask = 2147483647;
			files = (
				1D60589B0D05DD56006BFB54 /* main.m in Sources */,
				1D3623260D0F684500981E51 /* TestShinyCocosAppDelegate.m in Sources */,
				A98CD4A70FB4BBA90017E521 /* AccelerometerSimulation.m in Sources */,
			);
			runOnlyForDeploymentPostprocessing = 0;
		};
/* End PBXSourcesBuildPhase section */

/* Begin PBXTargetDependency section */
		A95E97780FB45F32001A6523 /* PBXTargetDependency */ = {
			isa = PBXTargetDependency;
			name = Chipmunk;
			targetProxy = A95E97770FB45F32001A6523 /* PBXContainerItemProxy */;
		};
		A9A057310F9E9B3400C85842 /* PBXTargetDependency */ = {
			isa = PBXTargetDependency;
			name = cocos2d;
			targetProxy = A9A057300F9E9B3400C85842 /* PBXContainerItemProxy */;
		};
		A9A057330F9E9B3700C85842 /* PBXTargetDependency */ = {
			isa = PBXTargetDependency;
			name = ShinyCocos;
			targetProxy = A9A057320F9E9B3700C85842 /* PBXContainerItemProxy */;
		};
/* End PBXTargetDependency section */

/* Begin XCBuildConfiguration section */
		1D6058940D05DD3E006BFB54 /* Debug */ = {
			isa = XCBuildConfiguration;
			buildSettings = {
				ALWAYS_SEARCH_USER_PATHS = NO;
				COPY_PHASE_STRIP = NO;
				GCC_DYNAMIC_NO_PIC = NO;
				GCC_OPTIMIZATION_LEVEL = 0;
				GCC_PRECOMPILE_PREFIX_HEADER = YES;
				GCC_PREFIX_HEADER = TestShinyCocos_Prefix.pch;
				HEADER_SEARCH_PATHS = (
					../Integration,
					"../cocos2d-iphone/cocos2d/**",
				);
				INFOPLIST_FILE = Info.plist;
				LIBRARY_SEARCH_PATHS = "$(inherited)";
				PRODUCT_NAME = TestShinyCocos;
				SDKROOT = iphoneos2.2.1;
			};
			name = Debug;
		};
		1D6058950D05DD3E006BFB54 /* Release */ = {
			isa = XCBuildConfiguration;
			buildSettings = {
				ALWAYS_SEARCH_USER_PATHS = NO;
				COPY_PHASE_STRIP = YES;
				GCC_PRECOMPILE_PREFIX_HEADER = YES;
				GCC_PREFIX_HEADER = TestShinyCocos_Prefix.pch;
				HEADER_SEARCH_PATHS = (
					../Integration,
					"../cocos2d-iphone/cocos2d/**",
				);
				INFOPLIST_FILE = Info.plist;
				LIBRARY_SEARCH_PATHS = "$(inherited)";
				PRODUCT_NAME = TestShinyCocos;
				SDKROOT = iphoneos2.2.1;
			};
			name = Release;
		};
		C01FCF4F08A954540054247B /* Debug */ = {
			isa = XCBuildConfiguration;
			buildSettings = {
				ARCHS = "$(ARCHS_STANDARD_32_BIT)";
				CODE_SIGN_ENTITLEMENTS = Entitlements.plist;
				"CODE_SIGN_IDENTITY[sdk=iphoneos*]" = "iPhone Distribution: Scio Desarrollos Ltda.";
				GCC_C_LANGUAGE_STANDARD = c99;
				GCC_WARN_ABOUT_RETURN_TYPE = YES;
				GCC_WARN_UNUSED_VARIABLE = YES;
				ONLY_ACTIVE_ARCH = YES;
				PREBINDING = NO;
				"PROVISIONING_PROFILE[sdk=iphoneos*]" = "E12060C9-6C23-48ED-85A1-3F8D85CB0D36";
				SDKROOT = iphoneos2.2.1;
			};
			name = Debug;
		};
		C01FCF5008A954540054247B /* Release */ = {
			isa = XCBuildConfiguration;
			buildSettings = {
				ARCHS = "$(ARCHS_STANDARD_32_BIT)";
				CODE_SIGN_ENTITLEMENTS = Entitlements.plist;
				"CODE_SIGN_IDENTITY[sdk=iphoneos*]" = "iPhone Distribution: Scio Desarrollos Ltda.";
				GCC_C_LANGUAGE_STANDARD = c99;
				GCC_WARN_ABOUT_RETURN_TYPE = YES;
				GCC_WARN_UNUSED_VARIABLE = YES;
				PREBINDING = NO;
				"PROVISIONING_PROFILE[sdk=iphoneos*]" = "E12060C9-6C23-48ED-85A1-3F8D85CB0D36";
				SDKROOT = iphoneos2.2.1;
			};
			name = Release;
		};
/* End XCBuildConfiguration section */

/* Begin XCConfigurationList section */
		1D6058960D05DD3E006BFB54 /* Build configuration list for PBXNativeTarget "TestShinyCocos" */ = {
			isa = XCConfigurationList;
			buildConfigurations = (
				1D6058940D05DD3E006BFB54 /* Debug */,
				1D6058950D05DD3E006BFB54 /* Release */,
			);
			defaultConfigurationIsVisible = 0;
			defaultConfigurationName = Release;
		};
		C01FCF4E08A954540054247B /* Build configuration list for PBXProject "TestShinyCocos" */ = {
			isa = XCConfigurationList;
			buildConfigurations = (
				C01FCF4F08A954540054247B /* Debug */,
				C01FCF5008A954540054247B /* Release */,
			);
			defaultConfigurationIsVisible = 0;
			defaultConfigurationName = Release;
		};
/* End XCConfigurationList section */
	};
	rootObject = 29B97313FDCFA39411CA2CEA /* Project object */;
}
