// !$*UTF8*$!
{
	archiveVersion = 1;
	classes = {
	};
	objectVersion = 45;
	objects = {

/* Begin PBXBuildFile section */
		A9190D7C10308D31004847A1 /* Reachability.h in Headers */ = {isa = PBXBuildFile; fileRef = A9190D7A10308D31004847A1 /* Reachability.h */; };
		A9190D7D10308D31004847A1 /* Reachability.m in Sources */ = {isa = PBXBuildFile; fileRef = A9190D7B10308D31004847A1 /* Reachability.m */; };
		A92F30AE102DD2EA00C3B3FB /* rb_chipmunk.c in Sources */ = {isa = PBXBuildFile; fileRef = A92F30A6102DD2EA00C3B3FB /* rb_chipmunk.c */; };
		A92F30AF102DD2EA00C3B3FB /* rb_chipmunk.h in Headers */ = {isa = PBXBuildFile; fileRef = A92F30A7102DD2EA00C3B3FB /* rb_chipmunk.h */; };
		A92F30B0102DD2EA00C3B3FB /* rb_cpBB.c in Sources */ = {isa = PBXBuildFile; fileRef = A92F30A8102DD2EA00C3B3FB /* rb_cpBB.c */; };
		A92F30B1102DD2EA00C3B3FB /* rb_cpBody.c in Sources */ = {isa = PBXBuildFile; fileRef = A92F30A9102DD2EA00C3B3FB /* rb_cpBody.c */; };
		A92F30B2102DD2EA00C3B3FB /* rb_cpJoint.c in Sources */ = {isa = PBXBuildFile; fileRef = A92F30AA102DD2EA00C3B3FB /* rb_cpJoint.c */; };
		A92F30B3102DD2EA00C3B3FB /* rb_cpShape.c in Sources */ = {isa = PBXBuildFile; fileRef = A92F30AB102DD2EA00C3B3FB /* rb_cpShape.c */; };
		A92F30B4102DD2EA00C3B3FB /* rb_cpSpace.c in Sources */ = {isa = PBXBuildFile; fileRef = A92F30AC102DD2EA00C3B3FB /* rb_cpSpace.c */; };
		A92F30B5102DD2EA00C3B3FB /* rb_cpVect.c in Sources */ = {isa = PBXBuildFile; fileRef = A92F30AD102DD2EA00C3B3FB /* rb_cpVect.c */; };
		A92F30EB102DD31000C3B3FB /* SC_Action.h in Headers */ = {isa = PBXBuildFile; fileRef = A92F30B9102DD31000C3B3FB /* SC_Action.h */; };
		A92F30EC102DD31000C3B3FB /* SC_Action.m in Sources */ = {isa = PBXBuildFile; fileRef = A92F30BA102DD31000C3B3FB /* SC_Action.m */; };
		A92F30ED102DD31000C3B3FB /* SC_AtlasSprite.h in Headers */ = {isa = PBXBuildFile; fileRef = A92F30BB102DD31000C3B3FB /* SC_AtlasSprite.h */; };
		A92F30EE102DD31000C3B3FB /* SC_AtlasSprite.m in Sources */ = {isa = PBXBuildFile; fileRef = A92F30BC102DD31000C3B3FB /* SC_AtlasSprite.m */; };
		A92F30EF102DD31000C3B3FB /* SC_AtlasSpriteManager.h in Headers */ = {isa = PBXBuildFile; fileRef = A92F30BD102DD31000C3B3FB /* SC_AtlasSpriteManager.h */; };
		A92F30F0102DD31000C3B3FB /* SC_AtlasSpriteManager.m in Sources */ = {isa = PBXBuildFile; fileRef = A92F30BE102DD31000C3B3FB /* SC_AtlasSpriteManager.m */; };
		A92F30F1102DD31000C3B3FB /* SC_AVAudioPlayer.h in Headers */ = {isa = PBXBuildFile; fileRef = A92F30BF102DD31000C3B3FB /* SC_AVAudioPlayer.h */; };
		A92F30F2102DD31000C3B3FB /* SC_AVAudioPlayer.m in Sources */ = {isa = PBXBuildFile; fileRef = A92F30C0102DD31000C3B3FB /* SC_AVAudioPlayer.m */; };
		A92F30F3102DD31000C3B3FB /* SC_BitmatFontAtlas.h in Headers */ = {isa = PBXBuildFile; fileRef = A92F30C1102DD31000C3B3FB /* SC_BitmatFontAtlas.h */; };
		A92F30F4102DD31000C3B3FB /* SC_BitmatFontAtlas.m in Sources */ = {isa = PBXBuildFile; fileRef = A92F30C2102DD31000C3B3FB /* SC_BitmatFontAtlas.m */; };
		A92F30F5102DD31000C3B3FB /* SC_CocoaAdditions.h in Headers */ = {isa = PBXBuildFile; fileRef = A92F30C3102DD31000C3B3FB /* SC_CocoaAdditions.h */; };
		A92F30F6102DD31000C3B3FB /* SC_CocoaAdditions.m in Sources */ = {isa = PBXBuildFile; fileRef = A92F30C4102DD31000C3B3FB /* SC_CocoaAdditions.m */; };
		A92F30F7102DD31000C3B3FB /* SC_CocosNode.h in Headers */ = {isa = PBXBuildFile; fileRef = A92F30C5102DD31000C3B3FB /* SC_CocosNode.h */; };
		A92F30F8102DD31000C3B3FB /* SC_CocosNode.m in Sources */ = {isa = PBXBuildFile; fileRef = A92F30C6102DD31000C3B3FB /* SC_CocosNode.m */; };
		A92F30F9102DD31000C3B3FB /* SC_common.h in Headers */ = {isa = PBXBuildFile; fileRef = A92F30C7102DD31000C3B3FB /* SC_common.h */; };
		A92F30FA102DD31000C3B3FB /* SC_Director.h in Headers */ = {isa = PBXBuildFile; fileRef = A92F30C8102DD31000C3B3FB /* SC_Director.h */; };
		A92F30FB102DD31000C3B3FB /* SC_Director.m in Sources */ = {isa = PBXBuildFile; fileRef = A92F30C9102DD31000C3B3FB /* SC_Director.m */; };
		A92F30FC102DD31000C3B3FB /* SC_ids.h in Headers */ = {isa = PBXBuildFile; fileRef = A92F30CA102DD31000C3B3FB /* SC_ids.h */; };
		A92F30FD102DD31000C3B3FB /* SC_ids.m in Sources */ = {isa = PBXBuildFile; fileRef = A92F30CB102DD31000C3B3FB /* SC_ids.m */; };
		A92F30FE102DD31000C3B3FB /* SC_init.m in Sources */ = {isa = PBXBuildFile; fileRef = A92F30CC102DD31000C3B3FB /* SC_init.m */; };
		A92F30FF102DD31000C3B3FB /* SC_Label.h in Headers */ = {isa = PBXBuildFile; fileRef = A92F30CD102DD31000C3B3FB /* SC_Label.h */; };
		A92F3100102DD31000C3B3FB /* SC_Label.m in Sources */ = {isa = PBXBuildFile; fileRef = A92F30CE102DD31000C3B3FB /* SC_Label.m */; };
		A92F3101102DD31000C3B3FB /* SC_LabelAtlas.h in Headers */ = {isa = PBXBuildFile; fileRef = A92F30CF102DD31000C3B3FB /* SC_LabelAtlas.h */; };
		A92F3102102DD31000C3B3FB /* SC_LabelAtlas.m in Sources */ = {isa = PBXBuildFile; fileRef = A92F30D0102DD31000C3B3FB /* SC_LabelAtlas.m */; };
		A92F3103102DD31000C3B3FB /* SC_Layer.h in Headers */ = {isa = PBXBuildFile; fileRef = A92F30D1102DD31000C3B3FB /* SC_Layer.h */; };
		A92F3104102DD31000C3B3FB /* SC_Layer.m in Sources */ = {isa = PBXBuildFile; fileRef = A92F30D2102DD31000C3B3FB /* SC_Layer.m */; };
		A92F3105102DD31000C3B3FB /* SC_Menu.h in Headers */ = {isa = PBXBuildFile; fileRef = A92F30D3102DD31000C3B3FB /* SC_Menu.h */; };
		A92F3106102DD31000C3B3FB /* SC_Menu.m in Sources */ = {isa = PBXBuildFile; fileRef = A92F30D4102DD31000C3B3FB /* SC_Menu.m */; };
		A92F3107102DD31000C3B3FB /* SC_Scene.h in Headers */ = {isa = PBXBuildFile; fileRef = A92F30D5102DD31000C3B3FB /* SC_Scene.h */; };
		A92F3108102DD31000C3B3FB /* SC_Scene.m in Sources */ = {isa = PBXBuildFile; fileRef = A92F30D6102DD31000C3B3FB /* SC_Scene.m */; };
		A92F3109102DD31000C3B3FB /* SC_Slider.h in Headers */ = {isa = PBXBuildFile; fileRef = A92F30D7102DD31000C3B3FB /* SC_Slider.h */; };
		A92F310A102DD31000C3B3FB /* SC_Slider.m in Sources */ = {isa = PBXBuildFile; fileRef = A92F30D8102DD31000C3B3FB /* SC_Slider.m */; };
		A92F310B102DD31000C3B3FB /* SC_SolidShapeMap.h in Headers */ = {isa = PBXBuildFile; fileRef = A92F30D9102DD31000C3B3FB /* SC_SolidShapeMap.h */; };
		A92F310C102DD31000C3B3FB /* SC_SolidShapeMap.m in Sources */ = {isa = PBXBuildFile; fileRef = A92F30DA102DD31000C3B3FB /* SC_SolidShapeMap.m */; };
		A92F310D102DD31000C3B3FB /* SC_Sprite.h in Headers */ = {isa = PBXBuildFile; fileRef = A92F30DB102DD31000C3B3FB /* SC_Sprite.h */; };
		A92F310E102DD31000C3B3FB /* SC_Sprite.m in Sources */ = {isa = PBXBuildFile; fileRef = A92F30DC102DD31000C3B3FB /* SC_Sprite.m */; };
		A92F310F102DD31000C3B3FB /* SC_TextField.h in Headers */ = {isa = PBXBuildFile; fileRef = A92F30DD102DD31000C3B3FB /* SC_TextField.h */; };
		A92F3110102DD31000C3B3FB /* SC_TextField.m in Sources */ = {isa = PBXBuildFile; fileRef = A92F30DE102DD31000C3B3FB /* SC_TextField.m */; };
		A92F3111102DD31000C3B3FB /* SC_TextureNode.h in Headers */ = {isa = PBXBuildFile; fileRef = A92F30DF102DD31000C3B3FB /* SC_TextureNode.h */; };
		A92F3112102DD31000C3B3FB /* SC_TextureNode.m in Sources */ = {isa = PBXBuildFile; fileRef = A92F30E0102DD31000C3B3FB /* SC_TextureNode.m */; };
		A92F3113102DD31000C3B3FB /* SC_TMXTiledMap.h in Headers */ = {isa = PBXBuildFile; fileRef = A92F30E1102DD31000C3B3FB /* SC_TMXTiledMap.h */; };
		A92F3114102DD31000C3B3FB /* SC_TMXTiledMap.m in Sources */ = {isa = PBXBuildFile; fileRef = A92F30E2102DD31000C3B3FB /* SC_TMXTiledMap.m */; };
		A92F3115102DD31000C3B3FB /* SC_Transition.h in Headers */ = {isa = PBXBuildFile; fileRef = A92F30E3102DD31000C3B3FB /* SC_Transition.h */; };
		A92F3116102DD31000C3B3FB /* SC_Transition.m in Sources */ = {isa = PBXBuildFile; fileRef = A92F30E4102DD31000C3B3FB /* SC_Transition.m */; };
		A92F3117102DD31000C3B3FB /* SC_Twitter.h in Headers */ = {isa = PBXBuildFile; fileRef = A92F30E5102DD31000C3B3FB /* SC_Twitter.h */; };
		A92F3118102DD31000C3B3FB /* SC_Twitter.m in Sources */ = {isa = PBXBuildFile; fileRef = A92F30E6102DD31000C3B3FB /* SC_Twitter.m */; };
		A92F3119102DD31000C3B3FB /* SC_UserDefaults.h in Headers */ = {isa = PBXBuildFile; fileRef = A92F30E7102DD31000C3B3FB /* SC_UserDefaults.h */; };
		A92F311A102DD31000C3B3FB /* SC_UserDefaults.m in Sources */ = {isa = PBXBuildFile; fileRef = A92F30E8102DD31000C3B3FB /* SC_UserDefaults.m */; };
		A92F311B102DD31000C3B3FB /* ShinyCocos.h in Headers */ = {isa = PBXBuildFile; fileRef = A92F30E9102DD31000C3B3FB /* ShinyCocos.h */; };
		A92F311C102DD31000C3B3FB /* ShinyCocos.m in Sources */ = {isa = PBXBuildFile; fileRef = A92F30EA102DD31000C3B3FB /* ShinyCocos.m */; };
		A9EF06881030EA3700003DD0 /* class.c in Sources */ = {isa = PBXBuildFile; fileRef = A9EF06821030EA3700003DD0 /* class.c */; };
		A9EF06891030EA3700003DD0 /* error.c in Sources */ = {isa = PBXBuildFile; fileRef = A9EF06831030EA3700003DD0 /* error.c */; };
		A9EF068A1030EA3700003DD0 /* gc.c in Sources */ = {isa = PBXBuildFile; fileRef = A9EF06841030EA3700003DD0 /* gc.c */; };
		A9EF068B1030EA3700003DD0 /* load.c in Sources */ = {isa = PBXBuildFile; fileRef = A9EF06851030EA3700003DD0 /* load.c */; };
		A9EF068C1030EA3700003DD0 /* object.c in Sources */ = {isa = PBXBuildFile; fileRef = A9EF06861030EA3700003DD0 /* object.c */; };
		A9EF068D1030EA3700003DD0 /* variable.c in Sources */ = {isa = PBXBuildFile; fileRef = A9EF06871030EA3700003DD0 /* variable.c */; };
		A9EF06941030EA5C00003DD0 /* parse.c in Sources */ = {isa = PBXBuildFile; fileRef = A9EF06931030EA5B00003DD0 /* parse.c */; };
		A9EF06991030EABA00003DD0 /* blockinlining.c in Sources */ = {isa = PBXBuildFile; fileRef = A9EF06981030EABA00003DD0 /* blockinlining.c */; };
		A9EF069E1030EAD300003DD0 /* compile.c in Sources */ = {isa = PBXBuildFile; fileRef = A9EF069A1030EAD300003DD0 /* compile.c */; };
		A9EF069F1030EAD300003DD0 /* eval.c in Sources */ = {isa = PBXBuildFile; fileRef = A9EF069B1030EAD300003DD0 /* eval.c */; };
		A9EF06AB1030EB1100003DD0 /* iseq.c in Sources */ = {isa = PBXBuildFile; fileRef = A9EF06A21030EB1100003DD0 /* iseq.c */; };
		A9EF06AC1030EB1100003DD0 /* thread.c in Sources */ = {isa = PBXBuildFile; fileRef = A9EF06A31030EB1100003DD0 /* thread.c */; };
		A9EF06AD1030EB1100003DD0 /* thread_pthread.c in Sources */ = {isa = PBXBuildFile; fileRef = A9EF06A41030EB1100003DD0 /* thread_pthread.c */; };
		A9EF06AE1030EB1100003DD0 /* vm.c in Sources */ = {isa = PBXBuildFile; fileRef = A9EF06A51030EB1100003DD0 /* vm.c */; };
		A9EF06AF1030EB1100003DD0 /* vm_dump.c in Sources */ = {isa = PBXBuildFile; fileRef = A9EF06A61030EB1100003DD0 /* vm_dump.c */; };
		A9EF06BB1030EBA000003DD0 /* regcomp.c in Sources */ = {isa = PBXBuildFile; fileRef = A9EF06B51030EBA000003DD0 /* regcomp.c */; };
		A9EF06BC1030EBA000003DD0 /* regenc.c in Sources */ = {isa = PBXBuildFile; fileRef = A9EF06B61030EBA000003DD0 /* regenc.c */; };
		A9EF06BD1030EBA000003DD0 /* regerror.c in Sources */ = {isa = PBXBuildFile; fileRef = A9EF06B71030EBA000003DD0 /* regerror.c */; };
		A9EF06BE1030EBA000003DD0 /* regexec.c in Sources */ = {isa = PBXBuildFile; fileRef = A9EF06B81030EBA000003DD0 /* regexec.c */; };
		A9EF06BF1030EBA000003DD0 /* regparse.c in Sources */ = {isa = PBXBuildFile; fileRef = A9EF06B91030EBA000003DD0 /* regparse.c */; };
		A9EF06C01030EBA000003DD0 /* regsyntax.c in Sources */ = {isa = PBXBuildFile; fileRef = A9EF06BA1030EBA000003DD0 /* regsyntax.c */; };
		A9EF06C81030EBEB00003DD0 /* debug.c in Sources */ = {isa = PBXBuildFile; fileRef = A9EF06C31030EBEB00003DD0 /* debug.c */; };
		A9EF06C91030EBEB00003DD0 /* dln.c in Sources */ = {isa = PBXBuildFile; fileRef = A9EF06C41030EBEB00003DD0 /* dln.c */; };
		A9EF06CA1030EBEB00003DD0 /* st.c in Sources */ = {isa = PBXBuildFile; fileRef = A9EF06C51030EBEB00003DD0 /* st.c */; };
		A9EF06CB1030EBEB00003DD0 /* strftime.c in Sources */ = {isa = PBXBuildFile; fileRef = A9EF06C61030EBEB00003DD0 /* strftime.c */; };
		A9EF06CC1030EBEB00003DD0 /* util.c in Sources */ = {isa = PBXBuildFile; fileRef = A9EF06C71030EBEB00003DD0 /* util.c */; };
		A9EF06D51030EC2200003DD0 /* dmydln.c in Sources */ = {isa = PBXBuildFile; fileRef = A9EF06CE1030EC2200003DD0 /* dmydln.c */; };
		A9EF06D61030EC2200003DD0 /* dmyencoding.c in Sources */ = {isa = PBXBuildFile; fileRef = A9EF06CF1030EC2200003DD0 /* dmyencoding.c */; };
		A9EF06D71030EC2200003DD0 /* dmyext.c in Sources */ = {isa = PBXBuildFile; fileRef = A9EF06D01030EC2200003DD0 /* dmyext.c */; };
		A9EF06D91030EC2200003DD0 /* inits.c in Sources */ = {isa = PBXBuildFile; fileRef = A9EF06D21030EC2200003DD0 /* inits.c */; };
		A9EF06DA1030EC2200003DD0 /* ruby.c in Sources */ = {isa = PBXBuildFile; fileRef = A9EF06D31030EC2200003DD0 /* ruby.c */; };
		A9EF06DB1030EC2200003DD0 /* version.c in Sources */ = {isa = PBXBuildFile; fileRef = A9EF06D41030EC2200003DD0 /* version.c */; };
		A9EF07021030EC9800003DD0 /* array.c in Sources */ = {isa = PBXBuildFile; fileRef = A9EF06E91030EC9800003DD0 /* array.c */; };
		A9EF07031030EC9800003DD0 /* bignum.c in Sources */ = {isa = PBXBuildFile; fileRef = A9EF06EA1030EC9800003DD0 /* bignum.c */; };
		A9EF07041030EC9800003DD0 /* compar.c in Sources */ = {isa = PBXBuildFile; fileRef = A9EF06EB1030EC9800003DD0 /* compar.c */; };
		A9EF07051030EC9800003DD0 /* complex.c in Sources */ = {isa = PBXBuildFile; fileRef = A9EF06EC1030EC9800003DD0 /* complex.c */; };
		A9EF07061030EC9800003DD0 /* cont.c in Sources */ = {isa = PBXBuildFile; fileRef = A9EF06ED1030EC9800003DD0 /* cont.c */; };
		A9EF07071030EC9800003DD0 /* dir.c in Sources */ = {isa = PBXBuildFile; fileRef = A9EF06EE1030EC9800003DD0 /* dir.c */; };
		A9EF07081030EC9800003DD0 /* enum.c in Sources */ = {isa = PBXBuildFile; fileRef = A9EF06EF1030EC9800003DD0 /* enum.c */; };
		A9EF07091030EC9800003DD0 /* enumerator.c in Sources */ = {isa = PBXBuildFile; fileRef = A9EF06F01030EC9800003DD0 /* enumerator.c */; };
		A9EF070A1030EC9800003DD0 /* file.c in Sources */ = {isa = PBXBuildFile; fileRef = A9EF06F11030EC9800003DD0 /* file.c */; };
		A9EF070B1030EC9800003DD0 /* hash.c in Sources */ = {isa = PBXBuildFile; fileRef = A9EF06F21030EC9800003DD0 /* hash.c */; };
		A9EF070C1030EC9800003DD0 /* io.c in Sources */ = {isa = PBXBuildFile; fileRef = A9EF06F31030EC9800003DD0 /* io.c */; };
		A9EF070D1030EC9800003DD0 /* marshal.c in Sources */ = {isa = PBXBuildFile; fileRef = A9EF06F41030EC9800003DD0 /* marshal.c */; };
		A9EF070E1030EC9800003DD0 /* math.c in Sources */ = {isa = PBXBuildFile; fileRef = A9EF06F51030EC9800003DD0 /* math.c */; };
		A9EF070F1030EC9800003DD0 /* numeric.c in Sources */ = {isa = PBXBuildFile; fileRef = A9EF06F61030EC9800003DD0 /* numeric.c */; };
		A9EF07101030EC9800003DD0 /* pack.c in Sources */ = {isa = PBXBuildFile; fileRef = A9EF06F71030EC9800003DD0 /* pack.c */; };
		A9EF07111030EC9800003DD0 /* proc.c in Sources */ = {isa = PBXBuildFile; fileRef = A9EF06F81030EC9800003DD0 /* proc.c */; };
		A9EF07121030EC9800003DD0 /* random.c in Sources */ = {isa = PBXBuildFile; fileRef = A9EF06F91030EC9800003DD0 /* random.c */; };
		A9EF07131030EC9800003DD0 /* range.c in Sources */ = {isa = PBXBuildFile; fileRef = A9EF06FA1030EC9800003DD0 /* range.c */; };
		A9EF07141030EC9800003DD0 /* rational.c in Sources */ = {isa = PBXBuildFile; fileRef = A9EF06FB1030EC9800003DD0 /* rational.c */; };
		A9EF07151030EC9800003DD0 /* re.c in Sources */ = {isa = PBXBuildFile; fileRef = A9EF06FC1030EC9800003DD0 /* re.c */; };
		A9EF07161030EC9800003DD0 /* signal.c in Sources */ = {isa = PBXBuildFile; fileRef = A9EF06FD1030EC9800003DD0 /* signal.c */; };
		A9EF07171030EC9800003DD0 /* sprintf.c in Sources */ = {isa = PBXBuildFile; fileRef = A9EF06FE1030EC9800003DD0 /* sprintf.c */; };
		A9EF07181030EC9800003DD0 /* string.c in Sources */ = {isa = PBXBuildFile; fileRef = A9EF06FF1030EC9800003DD0 /* string.c */; };
		A9EF07191030EC9800003DD0 /* struct.c in Sources */ = {isa = PBXBuildFile; fileRef = A9EF07001030EC9800003DD0 /* struct.c */; };
		A9EF071A1030EC9800003DD0 /* time.c in Sources */ = {isa = PBXBuildFile; fileRef = A9EF07011030EC9800003DD0 /* time.c */; };
		A9EF07221030ECD200003DD0 /* encoding.c in Sources */ = {isa = PBXBuildFile; fileRef = A9EF07201030ECD200003DD0 /* encoding.c */; };
		A9EF07231030ECD200003DD0 /* transcode.c in Sources */ = {isa = PBXBuildFile; fileRef = A9EF07211030ECD200003DD0 /* transcode.c */; };
		A9EF07311030ECE600003DD0 /* ascii.c in Sources */ = {isa = PBXBuildFile; fileRef = A9EF07261030ECE600003DD0 /* ascii.c */; };
		A9EF07321030ECE600003DD0 /* big5.c in Sources */ = {isa = PBXBuildFile; fileRef = A9EF07271030ECE600003DD0 /* big5.c */; };
		A9EF07331030ECE600003DD0 /* cp949.c in Sources */ = {isa = PBXBuildFile; fileRef = A9EF07281030ECE600003DD0 /* cp949.c */; };
		A9EF07341030ECE600003DD0 /* encdb.c in Sources */ = {isa = PBXBuildFile; fileRef = A9EF07291030ECE600003DD0 /* encdb.c */; };
		A9EF07351030ECE600003DD0 /* euc_jp.c in Sources */ = {isa = PBXBuildFile; fileRef = A9EF072A1030ECE600003DD0 /* euc_jp.c */; };
		A9EF07361030ECE600003DD0 /* shift_jis.c in Sources */ = {isa = PBXBuildFile; fileRef = A9EF072B1030ECE600003DD0 /* shift_jis.c */; };
		A9EF07371030ECE600003DD0 /* unicode.c in Sources */ = {isa = PBXBuildFile; fileRef = A9EF072C1030ECE600003DD0 /* unicode.c */; };
		A9EF07381030ECE600003DD0 /* us_ascii.c in Sources */ = {isa = PBXBuildFile; fileRef = A9EF072D1030ECE600003DD0 /* us_ascii.c */; };
		A9EF07391030ECE600003DD0 /* utf_16be.c in Sources */ = {isa = PBXBuildFile; fileRef = A9EF072E1030ECE600003DD0 /* utf_16be.c */; };
		A9EF073A1030ECE600003DD0 /* utf_32be.c in Sources */ = {isa = PBXBuildFile; fileRef = A9EF072F1030ECE600003DD0 /* utf_32be.c */; };
		A9EF073B1030ECE600003DD0 /* utf_8.c in Sources */ = {isa = PBXBuildFile; fileRef = A9EF07301030ECE600003DD0 /* utf_8.c */; };
		A9EF07431030ED2600003DD0 /* safe.c in Sources */ = {isa = PBXBuildFile; fileRef = A9EF07421030ED2600003DD0 /* safe.c */; };
		A9EF07461030ED4A00003DD0 /* newline.c in Sources */ = {isa = PBXBuildFile; fileRef = A9EF07451030ED4A00003DD0 /* newline.c */; };
		A9EF07491030ED6900003DD0 /* process.c in Sources */ = {isa = PBXBuildFile; fileRef = A9EF07481030ED6900003DD0 /* process.c */; };
		A9EF074C1030ED9400003DD0 /* prelude.c in Sources */ = {isa = PBXBuildFile; fileRef = A9EF074B1030ED9400003DD0 /* prelude.c */; };
		A9EF07631030EDC100003DD0 /* stringio.c in Sources */ = {isa = PBXBuildFile; fileRef = A9EF07501030EDC100003DD0 /* stringio.c */; };
		A9EF07641030EDC100003DD0 /* strscan.c in Sources */ = {isa = PBXBuildFile; fileRef = A9EF07521030EDC100003DD0 /* strscan.c */; };
		A9EF07651030EDC100003DD0 /* bytecode.c in Sources */ = {isa = PBXBuildFile; fileRef = A9EF07541030EDC100003DD0 /* bytecode.c */; };
		A9EF07661030EDC100003DD0 /* emitter.c in Sources */ = {isa = PBXBuildFile; fileRef = A9EF07551030EDC100003DD0 /* emitter.c */; };
		A9EF07671030EDC100003DD0 /* gram.c in Sources */ = {isa = PBXBuildFile; fileRef = A9EF07561030EDC100003DD0 /* gram.c */; };
		A9EF07681030EDC100003DD0 /* gram.h in Headers */ = {isa = PBXBuildFile; fileRef = A9EF07571030EDC100003DD0 /* gram.h */; };
		A9EF07691030EDC100003DD0 /* handler.c in Sources */ = {isa = PBXBuildFile; fileRef = A9EF07581030EDC100003DD0 /* handler.c */; };
		A9EF076A1030EDC100003DD0 /* implicit.c in Sources */ = {isa = PBXBuildFile; fileRef = A9EF07591030EDC100003DD0 /* implicit.c */; };
		A9EF076B1030EDC100003DD0 /* node.c in Sources */ = {isa = PBXBuildFile; fileRef = A9EF075A1030EDC100003DD0 /* node.c */; };
		A9EF076C1030EDC100003DD0 /* rubyext.c in Sources */ = {isa = PBXBuildFile; fileRef = A9EF075B1030EDC100003DD0 /* rubyext.c */; };
		A9EF076D1030EDC100003DD0 /* syck.c in Sources */ = {isa = PBXBuildFile; fileRef = A9EF075C1030EDC100003DD0 /* syck.c */; };
		A9EF076E1030EDC100003DD0 /* syck.h in Headers */ = {isa = PBXBuildFile; fileRef = A9EF075D1030EDC100003DD0 /* syck.h */; };
		A9EF076F1030EDC100003DD0 /* token.c in Sources */ = {isa = PBXBuildFile; fileRef = A9EF075E1030EDC100003DD0 /* token.c */; };
		A9EF07701030EDC100003DD0 /* yaml2byte.c in Sources */ = {isa = PBXBuildFile; fileRef = A9EF075F1030EDC100003DD0 /* yaml2byte.c */; };
		A9EF07711030EDC100003DD0 /* yamlbyte.h in Headers */ = {isa = PBXBuildFile; fileRef = A9EF07601030EDC100003DD0 /* yamlbyte.h */; };
		A9EF07721030EDC100003DD0 /* zlib.c in Sources */ = {isa = PBXBuildFile; fileRef = A9EF07621030EDC100003DD0 /* zlib.c */; };
		A9EF07761030EDE000003DD0 /* lgamma_r.c in Sources */ = {isa = PBXBuildFile; fileRef = A9EF07751030EDE000003DD0 /* lgamma_r.c */; };
		AA747D9F0F9514B9006C5449 /* ShinyCocos_Prefix.pch in Headers */ = {isa = PBXBuildFile; fileRef = AA747D9E0F9514B9006C5449 /* ShinyCocos_Prefix.pch */; };
		AACBBE4A0F95108600F1A2B1 /* Foundation.framework in Frameworks */ = {isa = PBXBuildFile; fileRef = AACBBE490F95108600F1A2B1 /* Foundation.framework */; };
/* End PBXBuildFile section */

/* Begin PBXFileReference section */
		A9190D7A10308D31004847A1 /* Reachability.h */ = {isa = PBXFileReference; fileEncoding = 4; lastKnownFileType = sourcecode.c.h; name = Reachability.h; path = Integration/Reachability.h; sourceTree = "<group>"; };
		A9190D7B10308D31004847A1 /* Reachability.m */ = {isa = PBXFileReference; fileEncoding = 4; lastKnownFileType = sourcecode.c.objc; name = Reachability.m; path = Integration/Reachability.m; sourceTree = "<group>"; };
		A92F30A6102DD2EA00C3B3FB /* rb_chipmunk.c */ = {isa = PBXFileReference; fileEncoding = 4; lastKnownFileType = sourcecode.c.c; name = rb_chipmunk.c; path = "chipmunk-ruby/rb_chipmunk.c"; sourceTree = "<group>"; };
		A92F30A7102DD2EA00C3B3FB /* rb_chipmunk.h */ = {isa = PBXFileReference; fileEncoding = 4; lastKnownFileType = sourcecode.c.h; name = rb_chipmunk.h; path = "chipmunk-ruby/rb_chipmunk.h"; sourceTree = "<group>"; };
		A92F30A8102DD2EA00C3B3FB /* rb_cpBB.c */ = {isa = PBXFileReference; fileEncoding = 4; lastKnownFileType = sourcecode.c.c; name = rb_cpBB.c; path = "chipmunk-ruby/rb_cpBB.c"; sourceTree = "<group>"; };
		A92F30A9102DD2EA00C3B3FB /* rb_cpBody.c */ = {isa = PBXFileReference; fileEncoding = 4; lastKnownFileType = sourcecode.c.c; name = rb_cpBody.c; path = "chipmunk-ruby/rb_cpBody.c"; sourceTree = "<group>"; };
		A92F30AA102DD2EA00C3B3FB /* rb_cpJoint.c */ = {isa = PBXFileReference; fileEncoding = 4; lastKnownFileType = sourcecode.c.c; name = rb_cpJoint.c; path = "chipmunk-ruby/rb_cpJoint.c"; sourceTree = "<group>"; };
		A92F30AB102DD2EA00C3B3FB /* rb_cpShape.c */ = {isa = PBXFileReference; fileEncoding = 4; lastKnownFileType = sourcecode.c.c; name = rb_cpShape.c; path = "chipmunk-ruby/rb_cpShape.c"; sourceTree = "<group>"; };
		A92F30AC102DD2EA00C3B3FB /* rb_cpSpace.c */ = {isa = PBXFileReference; fileEncoding = 4; lastKnownFileType = sourcecode.c.c; name = rb_cpSpace.c; path = "chipmunk-ruby/rb_cpSpace.c"; sourceTree = "<group>"; };
		A92F30AD102DD2EA00C3B3FB /* rb_cpVect.c */ = {isa = PBXFileReference; fileEncoding = 4; lastKnownFileType = sourcecode.c.c; name = rb_cpVect.c; path = "chipmunk-ruby/rb_cpVect.c"; sourceTree = "<group>"; };
		A92F30B9102DD31000C3B3FB /* SC_Action.h */ = {isa = PBXFileReference; fileEncoding = 4; lastKnownFileType = sourcecode.c.h; name = SC_Action.h; path = Integration/SC_Action.h; sourceTree = "<group>"; };
		A92F30BA102DD31000C3B3FB /* SC_Action.m */ = {isa = PBXFileReference; fileEncoding = 4; lastKnownFileType = sourcecode.c.objc; name = SC_Action.m; path = Integration/SC_Action.m; sourceTree = "<group>"; };
		A92F30BB102DD31000C3B3FB /* SC_AtlasSprite.h */ = {isa = PBXFileReference; fileEncoding = 4; lastKnownFileType = sourcecode.c.h; name = SC_AtlasSprite.h; path = Integration/SC_AtlasSprite.h; sourceTree = "<group>"; };
		A92F30BC102DD31000C3B3FB /* SC_AtlasSprite.m */ = {isa = PBXFileReference; fileEncoding = 4; lastKnownFileType = sourcecode.c.objc; name = SC_AtlasSprite.m; path = Integration/SC_AtlasSprite.m; sourceTree = "<group>"; };
		A92F30BD102DD31000C3B3FB /* SC_AtlasSpriteManager.h */ = {isa = PBXFileReference; fileEncoding = 4; lastKnownFileType = sourcecode.c.h; name = SC_AtlasSpriteManager.h; path = Integration/SC_AtlasSpriteManager.h; sourceTree = "<group>"; };
		A92F30BE102DD31000C3B3FB /* SC_AtlasSpriteManager.m */ = {isa = PBXFileReference; fileEncoding = 4; lastKnownFileType = sourcecode.c.objc; name = SC_AtlasSpriteManager.m; path = Integration/SC_AtlasSpriteManager.m; sourceTree = "<group>"; };
		A92F30BF102DD31000C3B3FB /* SC_AVAudioPlayer.h */ = {isa = PBXFileReference; fileEncoding = 4; lastKnownFileType = sourcecode.c.h; name = SC_AVAudioPlayer.h; path = Integration/SC_AVAudioPlayer.h; sourceTree = "<group>"; };
		A92F30C0102DD31000C3B3FB /* SC_AVAudioPlayer.m */ = {isa = PBXFileReference; fileEncoding = 4; lastKnownFileType = sourcecode.c.objc; name = SC_AVAudioPlayer.m; path = Integration/SC_AVAudioPlayer.m; sourceTree = "<group>"; };
		A92F30C1102DD31000C3B3FB /* SC_BitmatFontAtlas.h */ = {isa = PBXFileReference; fileEncoding = 4; lastKnownFileType = sourcecode.c.h; name = SC_BitmatFontAtlas.h; path = Integration/SC_BitmatFontAtlas.h; sourceTree = "<group>"; };
		A92F30C2102DD31000C3B3FB /* SC_BitmatFontAtlas.m */ = {isa = PBXFileReference; fileEncoding = 4; lastKnownFileType = sourcecode.c.objc; name = SC_BitmatFontAtlas.m; path = Integration/SC_BitmatFontAtlas.m; sourceTree = "<group>"; };
		A92F30C3102DD31000C3B3FB /* SC_CocoaAdditions.h */ = {isa = PBXFileReference; fileEncoding = 4; lastKnownFileType = sourcecode.c.h; name = SC_CocoaAdditions.h; path = Integration/SC_CocoaAdditions.h; sourceTree = "<group>"; };
		A92F30C4102DD31000C3B3FB /* SC_CocoaAdditions.m */ = {isa = PBXFileReference; fileEncoding = 4; lastKnownFileType = sourcecode.c.objc; name = SC_CocoaAdditions.m; path = Integration/SC_CocoaAdditions.m; sourceTree = "<group>"; };
		A92F30C5102DD31000C3B3FB /* SC_CocosNode.h */ = {isa = PBXFileReference; fileEncoding = 4; lastKnownFileType = sourcecode.c.h; name = SC_CocosNode.h; path = Integration/SC_CocosNode.h; sourceTree = "<group>"; };
		A92F30C6102DD31000C3B3FB /* SC_CocosNode.m */ = {isa = PBXFileReference; fileEncoding = 4; lastKnownFileType = sourcecode.c.objc; name = SC_CocosNode.m; path = Integration/SC_CocosNode.m; sourceTree = "<group>"; };
		A92F30C7102DD31000C3B3FB /* SC_common.h */ = {isa = PBXFileReference; fileEncoding = 4; lastKnownFileType = sourcecode.c.h; name = SC_common.h; path = Integration/SC_common.h; sourceTree = "<group>"; };
		A92F30C8102DD31000C3B3FB /* SC_Director.h */ = {isa = PBXFileReference; fileEncoding = 4; lastKnownFileType = sourcecode.c.h; name = SC_Director.h; path = Integration/SC_Director.h; sourceTree = "<group>"; };
		A92F30C9102DD31000C3B3FB /* SC_Director.m */ = {isa = PBXFileReference; fileEncoding = 4; lastKnownFileType = sourcecode.c.objc; name = SC_Director.m; path = Integration/SC_Director.m; sourceTree = "<group>"; };
		A92F30CA102DD31000C3B3FB /* SC_ids.h */ = {isa = PBXFileReference; fileEncoding = 4; lastKnownFileType = sourcecode.c.h; name = SC_ids.h; path = Integration/SC_ids.h; sourceTree = "<group>"; };
		A92F30CB102DD31000C3B3FB /* SC_ids.m */ = {isa = PBXFileReference; fileEncoding = 4; lastKnownFileType = sourcecode.c.objc; name = SC_ids.m; path = Integration/SC_ids.m; sourceTree = "<group>"; };
		A92F30CC102DD31000C3B3FB /* SC_init.m */ = {isa = PBXFileReference; fileEncoding = 4; lastKnownFileType = sourcecode.c.objc; name = SC_init.m; path = Integration/SC_init.m; sourceTree = "<group>"; };
		A92F30CD102DD31000C3B3FB /* SC_Label.h */ = {isa = PBXFileReference; fileEncoding = 4; lastKnownFileType = sourcecode.c.h; name = SC_Label.h; path = Integration/SC_Label.h; sourceTree = "<group>"; };
		A92F30CE102DD31000C3B3FB /* SC_Label.m */ = {isa = PBXFileReference; fileEncoding = 4; lastKnownFileType = sourcecode.c.objc; name = SC_Label.m; path = Integration/SC_Label.m; sourceTree = "<group>"; };
		A92F30CF102DD31000C3B3FB /* SC_LabelAtlas.h */ = {isa = PBXFileReference; fileEncoding = 4; lastKnownFileType = sourcecode.c.h; name = SC_LabelAtlas.h; path = Integration/SC_LabelAtlas.h; sourceTree = "<group>"; };
		A92F30D0102DD31000C3B3FB /* SC_LabelAtlas.m */ = {isa = PBXFileReference; fileEncoding = 4; lastKnownFileType = sourcecode.c.objc; name = SC_LabelAtlas.m; path = Integration/SC_LabelAtlas.m; sourceTree = "<group>"; };
		A92F30D1102DD31000C3B3FB /* SC_Layer.h */ = {isa = PBXFileReference; fileEncoding = 4; lastKnownFileType = sourcecode.c.h; name = SC_Layer.h; path = Integration/SC_Layer.h; sourceTree = "<group>"; };
		A92F30D2102DD31000C3B3FB /* SC_Layer.m */ = {isa = PBXFileReference; fileEncoding = 4; lastKnownFileType = sourcecode.c.objc; name = SC_Layer.m; path = Integration/SC_Layer.m; sourceTree = "<group>"; };
		A92F30D3102DD31000C3B3FB /* SC_Menu.h */ = {isa = PBXFileReference; fileEncoding = 4; lastKnownFileType = sourcecode.c.h; name = SC_Menu.h; path = Integration/SC_Menu.h; sourceTree = "<group>"; };
		A92F30D4102DD31000C3B3FB /* SC_Menu.m */ = {isa = PBXFileReference; fileEncoding = 4; lastKnownFileType = sourcecode.c.objc; name = SC_Menu.m; path = Integration/SC_Menu.m; sourceTree = "<group>"; };
		A92F30D5102DD31000C3B3FB /* SC_Scene.h */ = {isa = PBXFileReference; fileEncoding = 4; lastKnownFileType = sourcecode.c.h; name = SC_Scene.h; path = Integration/SC_Scene.h; sourceTree = "<group>"; };
		A92F30D6102DD31000C3B3FB /* SC_Scene.m */ = {isa = PBXFileReference; fileEncoding = 4; lastKnownFileType = sourcecode.c.objc; name = SC_Scene.m; path = Integration/SC_Scene.m; sourceTree = "<group>"; };
		A92F30D7102DD31000C3B3FB /* SC_Slider.h */ = {isa = PBXFileReference; fileEncoding = 4; lastKnownFileType = sourcecode.c.h; name = SC_Slider.h; path = Integration/SC_Slider.h; sourceTree = "<group>"; };
		A92F30D8102DD31000C3B3FB /* SC_Slider.m */ = {isa = PBXFileReference; fileEncoding = 4; lastKnownFileType = sourcecode.c.objc; name = SC_Slider.m; path = Integration/SC_Slider.m; sourceTree = "<group>"; };
		A92F30D9102DD31000C3B3FB /* SC_SolidShapeMap.h */ = {isa = PBXFileReference; fileEncoding = 4; lastKnownFileType = sourcecode.c.h; name = SC_SolidShapeMap.h; path = Integration/SC_SolidShapeMap.h; sourceTree = "<group>"; };
		A92F30DA102DD31000C3B3FB /* SC_SolidShapeMap.m */ = {isa = PBXFileReference; fileEncoding = 4; lastKnownFileType = sourcecode.c.objc; name = SC_SolidShapeMap.m; path = Integration/SC_SolidShapeMap.m; sourceTree = "<group>"; };
		A92F30DB102DD31000C3B3FB /* SC_Sprite.h */ = {isa = PBXFileReference; fileEncoding = 4; lastKnownFileType = sourcecode.c.h; name = SC_Sprite.h; path = Integration/SC_Sprite.h; sourceTree = "<group>"; };
		A92F30DC102DD31000C3B3FB /* SC_Sprite.m */ = {isa = PBXFileReference; fileEncoding = 4; lastKnownFileType = sourcecode.c.objc; name = SC_Sprite.m; path = Integration/SC_Sprite.m; sourceTree = "<group>"; };
		A92F30DD102DD31000C3B3FB /* SC_TextField.h */ = {isa = PBXFileReference; fileEncoding = 4; lastKnownFileType = sourcecode.c.h; name = SC_TextField.h; path = Integration/SC_TextField.h; sourceTree = "<group>"; };
		A92F30DE102DD31000C3B3FB /* SC_TextField.m */ = {isa = PBXFileReference; fileEncoding = 4; lastKnownFileType = sourcecode.c.objc; name = SC_TextField.m; path = Integration/SC_TextField.m; sourceTree = "<group>"; };
		A92F30DF102DD31000C3B3FB /* SC_TextureNode.h */ = {isa = PBXFileReference; fileEncoding = 4; lastKnownFileType = sourcecode.c.h; name = SC_TextureNode.h; path = Integration/SC_TextureNode.h; sourceTree = "<group>"; };
		A92F30E0102DD31000C3B3FB /* SC_TextureNode.m */ = {isa = PBXFileReference; fileEncoding = 4; lastKnownFileType = sourcecode.c.objc; name = SC_TextureNode.m; path = Integration/SC_TextureNode.m; sourceTree = "<group>"; };
		A92F30E1102DD31000C3B3FB /* SC_TMXTiledMap.h */ = {isa = PBXFileReference; fileEncoding = 4; lastKnownFileType = sourcecode.c.h; name = SC_TMXTiledMap.h; path = Integration/SC_TMXTiledMap.h; sourceTree = "<group>"; };
		A92F30E2102DD31000C3B3FB /* SC_TMXTiledMap.m */ = {isa = PBXFileReference; fileEncoding = 4; lastKnownFileType = sourcecode.c.objc; name = SC_TMXTiledMap.m; path = Integration/SC_TMXTiledMap.m; sourceTree = "<group>"; };
		A92F30E3102DD31000C3B3FB /* SC_Transition.h */ = {isa = PBXFileReference; fileEncoding = 4; lastKnownFileType = sourcecode.c.h; name = SC_Transition.h; path = Integration/SC_Transition.h; sourceTree = "<group>"; };
		A92F30E4102DD31000C3B3FB /* SC_Transition.m */ = {isa = PBXFileReference; fileEncoding = 4; lastKnownFileType = sourcecode.c.objc; name = SC_Transition.m; path = Integration/SC_Transition.m; sourceTree = "<group>"; };
		A92F30E5102DD31000C3B3FB /* SC_Twitter.h */ = {isa = PBXFileReference; fileEncoding = 4; lastKnownFileType = sourcecode.c.h; name = SC_Twitter.h; path = Integration/SC_Twitter.h; sourceTree = "<group>"; };
		A92F30E6102DD31000C3B3FB /* SC_Twitter.m */ = {isa = PBXFileReference; fileEncoding = 4; lastKnownFileType = sourcecode.c.objc; name = SC_Twitter.m; path = Integration/SC_Twitter.m; sourceTree = "<group>"; };
		A92F30E7102DD31000C3B3FB /* SC_UserDefaults.h */ = {isa = PBXFileReference; fileEncoding = 4; lastKnownFileType = sourcecode.c.h; name = SC_UserDefaults.h; path = Integration/SC_UserDefaults.h; sourceTree = "<group>"; };
		A92F30E8102DD31000C3B3FB /* SC_UserDefaults.m */ = {isa = PBXFileReference; fileEncoding = 4; lastKnownFileType = sourcecode.c.objc; name = SC_UserDefaults.m; path = Integration/SC_UserDefaults.m; sourceTree = "<group>"; };
		A92F30E9102DD31000C3B3FB /* ShinyCocos.h */ = {isa = PBXFileReference; fileEncoding = 4; lastKnownFileType = sourcecode.c.h; name = ShinyCocos.h; path = Integration/ShinyCocos.h; sourceTree = "<group>"; };
		A92F30EA102DD31000C3B3FB /* ShinyCocos.m */ = {isa = PBXFileReference; fileEncoding = 4; lastKnownFileType = sourcecode.c.objc; name = ShinyCocos.m; path = Integration/ShinyCocos.m; sourceTree = "<group>"; };
		A9EF06821030EA3700003DD0 /* class.c */ = {isa = PBXFileReference; fileEncoding = 4; lastKnownFileType = sourcecode.c.c; name = class.c; path = ruby/class.c; sourceTree = "<group>"; };
		A9EF06831030EA3700003DD0 /* error.c */ = {isa = PBXFileReference; fileEncoding = 4; lastKnownFileType = sourcecode.c.c; name = error.c; path = ruby/error.c; sourceTree = "<group>"; };
		A9EF06841030EA3700003DD0 /* gc.c */ = {isa = PBXFileReference; fileEncoding = 4; lastKnownFileType = sourcecode.c.c; name = gc.c; path = ruby/gc.c; sourceTree = "<group>"; };
		A9EF06851030EA3700003DD0 /* load.c */ = {isa = PBXFileReference; fileEncoding = 4; lastKnownFileType = sourcecode.c.c; name = load.c; path = ruby/load.c; sourceTree = "<group>"; };
		A9EF06861030EA3700003DD0 /* object.c */ = {isa = PBXFileReference; fileEncoding = 4; lastKnownFileType = sourcecode.c.c; name = object.c; path = ruby/object.c; sourceTree = "<group>"; };
		A9EF06871030EA3700003DD0 /* variable.c */ = {isa = PBXFileReference; fileEncoding = 4; lastKnownFileType = sourcecode.c.c; name = variable.c; path = ruby/variable.c; sourceTree = "<group>"; };
		A9EF06931030EA5B00003DD0 /* parse.c */ = {isa = PBXFileReference; fileEncoding = 4; lastKnownFileType = sourcecode.c.c; name = parse.c; path = ruby/parse.c; sourceTree = "<group>"; };
		A9EF06981030EABA00003DD0 /* blockinlining.c */ = {isa = PBXFileReference; fileEncoding = 4; lastKnownFileType = sourcecode.c.c; name = blockinlining.c; path = ruby/blockinlining.c; sourceTree = "<group>"; };
		A9EF069A1030EAD300003DD0 /* compile.c */ = {isa = PBXFileReference; fileEncoding = 4; lastKnownFileType = sourcecode.c.c; name = compile.c; path = ruby/compile.c; sourceTree = "<group>"; };
		A9EF069B1030EAD300003DD0 /* eval.c */ = {isa = PBXFileReference; fileEncoding = 4; lastKnownFileType = sourcecode.c.c; name = eval.c; path = ruby/eval.c; sourceTree = "<group>"; };
		A9EF06A21030EB1100003DD0 /* iseq.c */ = {isa = PBXFileReference; fileEncoding = 4; lastKnownFileType = sourcecode.c.c; name = iseq.c; path = ruby/iseq.c; sourceTree = "<group>"; };
		A9EF06A31030EB1100003DD0 /* thread.c */ = {isa = PBXFileReference; fileEncoding = 4; lastKnownFileType = sourcecode.c.c; name = thread.c; path = ruby/thread.c; sourceTree = "<group>"; };
		A9EF06A41030EB1100003DD0 /* thread_pthread.c */ = {isa = PBXFileReference; fileEncoding = 4; lastKnownFileType = sourcecode.c.c; name = thread_pthread.c; path = ruby/thread_pthread.c; sourceTree = "<group>"; };
		A9EF06A51030EB1100003DD0 /* vm.c */ = {isa = PBXFileReference; fileEncoding = 4; lastKnownFileType = sourcecode.c.c; name = vm.c; path = ruby/vm.c; sourceTree = "<group>"; };
		A9EF06A61030EB1100003DD0 /* vm_dump.c */ = {isa = PBXFileReference; fileEncoding = 4; lastKnownFileType = sourcecode.c.c; name = vm_dump.c; path = ruby/vm_dump.c; sourceTree = "<group>"; };
		A9EF06B51030EBA000003DD0 /* regcomp.c */ = {isa = PBXFileReference; fileEncoding = 4; lastKnownFileType = sourcecode.c.c; name = regcomp.c; path = ruby/regcomp.c; sourceTree = "<group>"; };
		A9EF06B61030EBA000003DD0 /* regenc.c */ = {isa = PBXFileReference; fileEncoding = 4; lastKnownFileType = sourcecode.c.c; name = regenc.c; path = ruby/regenc.c; sourceTree = "<group>"; };
		A9EF06B71030EBA000003DD0 /* regerror.c */ = {isa = PBXFileReference; fileEncoding = 4; lastKnownFileType = sourcecode.c.c; name = regerror.c; path = ruby/regerror.c; sourceTree = "<group>"; };
		A9EF06B81030EBA000003DD0 /* regexec.c */ = {isa = PBXFileReference; fileEncoding = 4; lastKnownFileType = sourcecode.c.c; name = regexec.c; path = ruby/regexec.c; sourceTree = "<group>"; };
		A9EF06B91030EBA000003DD0 /* regparse.c */ = {isa = PBXFileReference; fileEncoding = 4; lastKnownFileType = sourcecode.c.c; name = regparse.c; path = ruby/regparse.c; sourceTree = "<group>"; };
		A9EF06BA1030EBA000003DD0 /* regsyntax.c */ = {isa = PBXFileReference; fileEncoding = 4; lastKnownFileType = sourcecode.c.c; name = regsyntax.c; path = ruby/regsyntax.c; sourceTree = "<group>"; };
		A9EF06C31030EBEB00003DD0 /* debug.c */ = {isa = PBXFileReference; fileEncoding = 4; lastKnownFileType = sourcecode.c.c; name = debug.c; path = ruby/debug.c; sourceTree = "<group>"; };
		A9EF06C41030EBEB00003DD0 /* dln.c */ = {isa = PBXFileReference; fileEncoding = 4; lastKnownFileType = sourcecode.c.c; name = dln.c; path = ruby/dln.c; sourceTree = "<group>"; };
		A9EF06C51030EBEB00003DD0 /* st.c */ = {isa = PBXFileReference; fileEncoding = 4; lastKnownFileType = sourcecode.c.c; name = st.c; path = ruby/st.c; sourceTree = "<group>"; };
		A9EF06C61030EBEB00003DD0 /* strftime.c */ = {isa = PBXFileReference; fileEncoding = 4; lastKnownFileType = sourcecode.c.c; name = strftime.c; path = ruby/strftime.c; sourceTree = "<group>"; };
		A9EF06C71030EBEB00003DD0 /* util.c */ = {isa = PBXFileReference; fileEncoding = 4; lastKnownFileType = sourcecode.c.c; name = util.c; path = ruby/util.c; sourceTree = "<group>"; };
		A9EF06CE1030EC2200003DD0 /* dmydln.c */ = {isa = PBXFileReference; fileEncoding = 4; lastKnownFileType = sourcecode.c.c; name = dmydln.c; path = ruby/dmydln.c; sourceTree = "<group>"; };
		A9EF06CF1030EC2200003DD0 /* dmyencoding.c */ = {isa = PBXFileReference; fileEncoding = 4; lastKnownFileType = sourcecode.c.c; name = dmyencoding.c; path = ruby/dmyencoding.c; sourceTree = "<group>"; };
		A9EF06D01030EC2200003DD0 /* dmyext.c */ = {isa = PBXFileReference; fileEncoding = 4; lastKnownFileType = sourcecode.c.c; name = dmyext.c; path = ruby/dmyext.c; sourceTree = "<group>"; };
		A9EF06D21030EC2200003DD0 /* inits.c */ = {isa = PBXFileReference; fileEncoding = 4; lastKnownFileType = sourcecode.c.c; name = inits.c; path = ruby/inits.c; sourceTree = "<group>"; };
		A9EF06D31030EC2200003DD0 /* ruby.c */ = {isa = PBXFileReference; fileEncoding = 4; lastKnownFileType = sourcecode.c.c; name = ruby.c; path = ruby/ruby.c; sourceTree = "<group>"; };
		A9EF06D41030EC2200003DD0 /* version.c */ = {isa = PBXFileReference; fileEncoding = 4; lastKnownFileType = sourcecode.c.c; name = version.c; path = ruby/version.c; sourceTree = "<group>"; };
		A9EF06E91030EC9800003DD0 /* array.c */ = {isa = PBXFileReference; fileEncoding = 4; lastKnownFileType = sourcecode.c.c; name = array.c; path = ruby/array.c; sourceTree = "<group>"; };
		A9EF06EA1030EC9800003DD0 /* bignum.c */ = {isa = PBXFileReference; fileEncoding = 4; lastKnownFileType = sourcecode.c.c; name = bignum.c; path = ruby/bignum.c; sourceTree = "<group>"; };
		A9EF06EB1030EC9800003DD0 /* compar.c */ = {isa = PBXFileReference; fileEncoding = 4; lastKnownFileType = sourcecode.c.c; name = compar.c; path = ruby/compar.c; sourceTree = "<group>"; };
		A9EF06EC1030EC9800003DD0 /* complex.c */ = {isa = PBXFileReference; fileEncoding = 4; lastKnownFileType = sourcecode.c.c; name = complex.c; path = ruby/complex.c; sourceTree = "<group>"; };
		A9EF06ED1030EC9800003DD0 /* cont.c */ = {isa = PBXFileReference; fileEncoding = 4; lastKnownFileType = sourcecode.c.c; name = cont.c; path = ruby/cont.c; sourceTree = "<group>"; };
		A9EF06EE1030EC9800003DD0 /* dir.c */ = {isa = PBXFileReference; fileEncoding = 4; lastKnownFileType = sourcecode.c.c; name = dir.c; path = ruby/dir.c; sourceTree = "<group>"; };
		A9EF06EF1030EC9800003DD0 /* enum.c */ = {isa = PBXFileReference; fileEncoding = 4; lastKnownFileType = sourcecode.c.c; name = enum.c; path = ruby/enum.c; sourceTree = "<group>"; };
		A9EF06F01030EC9800003DD0 /* enumerator.c */ = {isa = PBXFileReference; fileEncoding = 4; lastKnownFileType = sourcecode.c.c; name = enumerator.c; path = ruby/enumerator.c; sourceTree = "<group>"; };
		A9EF06F11030EC9800003DD0 /* file.c */ = {isa = PBXFileReference; fileEncoding = 4; lastKnownFileType = sourcecode.c.c; name = file.c; path = ruby/file.c; sourceTree = "<group>"; };
		A9EF06F21030EC9800003DD0 /* hash.c */ = {isa = PBXFileReference; fileEncoding = 4; lastKnownFileType = sourcecode.c.c; name = hash.c; path = ruby/hash.c; sourceTree = "<group>"; };
		A9EF06F31030EC9800003DD0 /* io.c */ = {isa = PBXFileReference; fileEncoding = 4; lastKnownFileType = sourcecode.c.c; name = io.c; path = ruby/io.c; sourceTree = "<group>"; };
		A9EF06F41030EC9800003DD0 /* marshal.c */ = {isa = PBXFileReference; fileEncoding = 4; lastKnownFileType = sourcecode.c.c; name = marshal.c; path = ruby/marshal.c; sourceTree = "<group>"; };
		A9EF06F51030EC9800003DD0 /* math.c */ = {isa = PBXFileReference; fileEncoding = 4; lastKnownFileType = sourcecode.c.c; name = math.c; path = ruby/math.c; sourceTree = "<group>"; };
		A9EF06F61030EC9800003DD0 /* numeric.c */ = {isa = PBXFileReference; fileEncoding = 4; lastKnownFileType = sourcecode.c.c; name = numeric.c; path = ruby/numeric.c; sourceTree = "<group>"; };
		A9EF06F71030EC9800003DD0 /* pack.c */ = {isa = PBXFileReference; fileEncoding = 4; lastKnownFileType = sourcecode.c.c; name = pack.c; path = ruby/pack.c; sourceTree = "<group>"; };
		A9EF06F81030EC9800003DD0 /* proc.c */ = {isa = PBXFileReference; fileEncoding = 4; lastKnownFileType = sourcecode.c.c; name = proc.c; path = ruby/proc.c; sourceTree = "<group>"; };
		A9EF06F91030EC9800003DD0 /* random.c */ = {isa = PBXFileReference; fileEncoding = 4; lastKnownFileType = sourcecode.c.c; name = random.c; path = ruby/random.c; sourceTree = "<group>"; };
		A9EF06FA1030EC9800003DD0 /* range.c */ = {isa = PBXFileReference; fileEncoding = 4; lastKnownFileType = sourcecode.c.c; name = range.c; path = ruby/range.c; sourceTree = "<group>"; };
		A9EF06FB1030EC9800003DD0 /* rational.c */ = {isa = PBXFileReference; fileEncoding = 4; lastKnownFileType = sourcecode.c.c; name = rational.c; path = ruby/rational.c; sourceTree = "<group>"; };
		A9EF06FC1030EC9800003DD0 /* re.c */ = {isa = PBXFileReference; fileEncoding = 4; lastKnownFileType = sourcecode.c.c; name = re.c; path = ruby/re.c; sourceTree = "<group>"; };
		A9EF06FD1030EC9800003DD0 /* signal.c */ = {isa = PBXFileReference; fileEncoding = 4; lastKnownFileType = sourcecode.c.c; name = signal.c; path = ruby/signal.c; sourceTree = "<group>"; };
		A9EF06FE1030EC9800003DD0 /* sprintf.c */ = {isa = PBXFileReference; fileEncoding = 4; lastKnownFileType = sourcecode.c.c; name = sprintf.c; path = ruby/sprintf.c; sourceTree = "<group>"; };
		A9EF06FF1030EC9800003DD0 /* string.c */ = {isa = PBXFileReference; fileEncoding = 4; lastKnownFileType = sourcecode.c.c; name = string.c; path = ruby/string.c; sourceTree = "<group>"; };
		A9EF07001030EC9800003DD0 /* struct.c */ = {isa = PBXFileReference; fileEncoding = 4; lastKnownFileType = sourcecode.c.c; name = struct.c; path = ruby/struct.c; sourceTree = "<group>"; };
		A9EF07011030EC9800003DD0 /* time.c */ = {isa = PBXFileReference; fileEncoding = 4; lastKnownFileType = sourcecode.c.c; name = time.c; path = ruby/time.c; sourceTree = "<group>"; };
		A9EF07201030ECD200003DD0 /* encoding.c */ = {isa = PBXFileReference; fileEncoding = 4; lastKnownFileType = sourcecode.c.c; name = encoding.c; path = ruby/encoding.c; sourceTree = "<group>"; };
		A9EF07211030ECD200003DD0 /* transcode.c */ = {isa = PBXFileReference; fileEncoding = 4; lastKnownFileType = sourcecode.c.c; name = transcode.c; path = ruby/transcode.c; sourceTree = "<group>"; };
		A9EF07261030ECE600003DD0 /* ascii.c */ = {isa = PBXFileReference; fileEncoding = 4; lastKnownFileType = sourcecode.c.c; path = ascii.c; sourceTree = "<group>"; };
		A9EF07271030ECE600003DD0 /* big5.c */ = {isa = PBXFileReference; fileEncoding = 4; lastKnownFileType = sourcecode.c.c; path = big5.c; sourceTree = "<group>"; };
		A9EF07281030ECE600003DD0 /* cp949.c */ = {isa = PBXFileReference; fileEncoding = 4; lastKnownFileType = sourcecode.c.c; path = cp949.c; sourceTree = "<group>"; };
		A9EF07291030ECE600003DD0 /* encdb.c */ = {isa = PBXFileReference; fileEncoding = 4; lastKnownFileType = sourcecode.c.c; path = encdb.c; sourceTree = "<group>"; };
		A9EF072A1030ECE600003DD0 /* euc_jp.c */ = {isa = PBXFileReference; fileEncoding = 4; lastKnownFileType = sourcecode.c.c; path = euc_jp.c; sourceTree = "<group>"; };
		A9EF072B1030ECE600003DD0 /* shift_jis.c */ = {isa = PBXFileReference; fileEncoding = 4; lastKnownFileType = sourcecode.c.c; path = shift_jis.c; sourceTree = "<group>"; };
		A9EF072C1030ECE600003DD0 /* unicode.c */ = {isa = PBXFileReference; fileEncoding = 4; lastKnownFileType = sourcecode.c.c; path = unicode.c; sourceTree = "<group>"; };
		A9EF072D1030ECE600003DD0 /* us_ascii.c */ = {isa = PBXFileReference; fileEncoding = 4; lastKnownFileType = sourcecode.c.c; path = us_ascii.c; sourceTree = "<group>"; };
		A9EF072E1030ECE600003DD0 /* utf_16be.c */ = {isa = PBXFileReference; fileEncoding = 4; lastKnownFileType = sourcecode.c.c; path = utf_16be.c; sourceTree = "<group>"; };
		A9EF072F1030ECE600003DD0 /* utf_32be.c */ = {isa = PBXFileReference; fileEncoding = 4; lastKnownFileType = sourcecode.c.c; path = utf_32be.c; sourceTree = "<group>"; };
		A9EF07301030ECE600003DD0 /* utf_8.c */ = {isa = PBXFileReference; fileEncoding = 4; lastKnownFileType = sourcecode.c.c; path = utf_8.c; sourceTree = "<group>"; };
		A9EF07421030ED2600003DD0 /* safe.c */ = {isa = PBXFileReference; fileEncoding = 4; lastKnownFileType = sourcecode.c.c; name = safe.c; path = ruby/safe.c; sourceTree = "<group>"; };
		A9EF07451030ED4A00003DD0 /* newline.c */ = {isa = PBXFileReference; fileEncoding = 4; lastKnownFileType = sourcecode.c.c; name = newline.c; path = ruby/newline.c; sourceTree = "<group>"; };
		A9EF07481030ED6900003DD0 /* process.c */ = {isa = PBXFileReference; fileEncoding = 4; lastKnownFileType = sourcecode.c.c; name = process.c; path = ruby/process.c; sourceTree = "<group>"; };
		A9EF074B1030ED9400003DD0 /* prelude.c */ = {isa = PBXFileReference; fileEncoding = 4; lastKnownFileType = sourcecode.c.c; name = prelude.c; path = ruby/prelude.c; sourceTree = "<group>"; };
		A9EF07501030EDC100003DD0 /* stringio.c */ = {isa = PBXFileReference; fileEncoding = 4; lastKnownFileType = sourcecode.c.c; path = stringio.c; sourceTree = "<group>"; };
		A9EF07521030EDC100003DD0 /* strscan.c */ = {isa = PBXFileReference; fileEncoding = 4; lastKnownFileType = sourcecode.c.c; path = strscan.c; sourceTree = "<group>"; };
		A9EF07541030EDC100003DD0 /* bytecode.c */ = {isa = PBXFileReference; fileEncoding = 4; lastKnownFileType = sourcecode.c.c; path = bytecode.c; sourceTree = "<group>"; };
		A9EF07551030EDC100003DD0 /* emitter.c */ = {isa = PBXFileReference; fileEncoding = 4; lastKnownFileType = sourcecode.c.c; path = emitter.c; sourceTree = "<group>"; };
		A9EF07561030EDC100003DD0 /* gram.c */ = {isa = PBXFileReference; fileEncoding = 4; lastKnownFileType = sourcecode.c.c; path = gram.c; sourceTree = "<group>"; };
		A9EF07571030EDC100003DD0 /* gram.h */ = {isa = PBXFileReference; fileEncoding = 4; lastKnownFileType = sourcecode.c.h; path = gram.h; sourceTree = "<group>"; };
		A9EF07581030EDC100003DD0 /* handler.c */ = {isa = PBXFileReference; fileEncoding = 4; lastKnownFileType = sourcecode.c.c; path = handler.c; sourceTree = "<group>"; };
		A9EF07591030EDC100003DD0 /* implicit.c */ = {isa = PBXFileReference; fileEncoding = 4; lastKnownFileType = sourcecode.c.c; path = implicit.c; sourceTree = "<group>"; };
		A9EF075A1030EDC100003DD0 /* node.c */ = {isa = PBXFileReference; fileEncoding = 4; lastKnownFileType = sourcecode.c.c; path = node.c; sourceTree = "<group>"; };
		A9EF075B1030EDC100003DD0 /* rubyext.c */ = {isa = PBXFileReference; fileEncoding = 4; lastKnownFileType = sourcecode.c.c; path = rubyext.c; sourceTree = "<group>"; };
		A9EF075C1030EDC100003DD0 /* syck.c */ = {isa = PBXFileReference; fileEncoding = 4; lastKnownFileType = sourcecode.c.c; path = syck.c; sourceTree = "<group>"; };
		A9EF075D1030EDC100003DD0 /* syck.h */ = {isa = PBXFileReference; fileEncoding = 4; lastKnownFileType = sourcecode.c.h; path = syck.h; sourceTree = "<group>"; };
		A9EF075E1030EDC100003DD0 /* token.c */ = {isa = PBXFileReference; fileEncoding = 4; lastKnownFileType = sourcecode.c.c; path = token.c; sourceTree = "<group>"; };
		A9EF075F1030EDC100003DD0 /* yaml2byte.c */ = {isa = PBXFileReference; fileEncoding = 4; lastKnownFileType = sourcecode.c.c; path = yaml2byte.c; sourceTree = "<group>"; };
		A9EF07601030EDC100003DD0 /* yamlbyte.h */ = {isa = PBXFileReference; fileEncoding = 4; lastKnownFileType = sourcecode.c.h; path = yamlbyte.h; sourceTree = "<group>"; };
		A9EF07621030EDC100003DD0 /* zlib.c */ = {isa = PBXFileReference; fileEncoding = 4; lastKnownFileType = sourcecode.c.c; path = zlib.c; sourceTree = "<group>"; };
		A9EF07751030EDE000003DD0 /* lgamma_r.c */ = {isa = PBXFileReference; fileEncoding = 4; lastKnownFileType = sourcecode.c.c; name = lgamma_r.c; path = ruby/missing/lgamma_r.c; sourceTree = "<group>"; };
		AA747D9E0F9514B9006C5449 /* ShinyCocos_Prefix.pch */ = {isa = PBXFileReference; fileEncoding = 4; lastKnownFileType = sourcecode.c.h; path = ShinyCocos_Prefix.pch; sourceTree = SOURCE_ROOT; };
		AACBBE490F95108600F1A2B1 /* Foundation.framework */ = {isa = PBXFileReference; lastKnownFileType = wrapper.framework; name = Foundation.framework; path = System/Library/Frameworks/Foundation.framework; sourceTree = SDKROOT; };
		D2AAC07E0554694100DB518D /* libShinyCocos.a */ = {isa = PBXFileReference; explicitFileType = archive.ar; includeInIndex = 0; path = libShinyCocos.a; sourceTree = BUILT_PRODUCTS_DIR; };
/* End PBXFileReference section */

/* Begin PBXFrameworksBuildPhase section */
		D2AAC07C0554694100DB518D /* Frameworks */ = {
			isa = PBXFrameworksBuildPhase;
			buildActionMask = 2147483647;
			files = (
				AACBBE4A0F95108600F1A2B1 /* Foundation.framework in Frameworks */,
			);
			runOnlyForDeploymentPostprocessing = 0;
		};
/* End PBXFrameworksBuildPhase section */

/* Begin PBXGroup section */
		034768DFFF38A50411DB9C8B /* Products */ = {
			isa = PBXGroup;
			children = (
				D2AAC07E0554694100DB518D /* libShinyCocos.a */,
			);
			name = Products;
			sourceTree = "<group>";
		};
		0867D691FE84028FC02AAC07 /* ShinyCocos */ = {
			isa = PBXGroup;
			children = (
				A92F309C102DD2AD00C3B3FB /* Chipmunk */,
				A92F308B102DD29800C3B3FB /* Integration */,
				A92F33EB102DD5C200C3B3FB /* ruby */,
				32C88DFF0371C24200C91783 /* Other Sources */,
				0867D69AFE84028FC02AAC07 /* Frameworks */,
				034768DFFF38A50411DB9C8B /* Products */,
			);
			name = ShinyCocos;
			sourceTree = "<group>";
		};
		0867D69AFE84028FC02AAC07 /* Frameworks */ = {
			isa = PBXGroup;
			children = (
				AACBBE490F95108600F1A2B1 /* Foundation.framework */,
			);
			name = Frameworks;
			sourceTree = "<group>";
		};
		32C88DFF0371C24200C91783 /* Other Sources */ = {
			isa = PBXGroup;
			children = (
				AA747D9E0F9514B9006C5449 /* ShinyCocos_Prefix.pch */,
			);
			name = "Other Sources";
			sourceTree = "<group>";
		};
		A92F308B102DD29800C3B3FB /* Integration */ = {
			isa = PBXGroup;
			children = (
				A92F30B6102DD2EF00C3B3FB /* Base */,
				A92F30B8102DD30200C3B3FB /* Extras */,
				A92F311D102DD32800C3B3FB /* UI */,
				A92F30B7102DD2F400C3B3FB /* Cocos2D Classes */,
			);
			name = Integration;
			sourceTree = "<group>";
		};
		A92F309C102DD2AD00C3B3FB /* Chipmunk */ = {
			isa = PBXGroup;
			children = (
				A92F30A6102DD2EA00C3B3FB /* rb_chipmunk.c */,
				A92F30A7102DD2EA00C3B3FB /* rb_chipmunk.h */,
				A92F30A8102DD2EA00C3B3FB /* rb_cpBB.c */,
				A92F30A9102DD2EA00C3B3FB /* rb_cpBody.c */,
				A92F30AA102DD2EA00C3B3FB /* rb_cpJoint.c */,
				A92F30AB102DD2EA00C3B3FB /* rb_cpShape.c */,
				A92F30AC102DD2EA00C3B3FB /* rb_cpSpace.c */,
				A92F30AD102DD2EA00C3B3FB /* rb_cpVect.c */,
			);
			name = Chipmunk;
			sourceTree = "<group>";
		};
		A92F30B6102DD2EF00C3B3FB /* Base */ = {
			isa = PBXGroup;
			children = (
				A92F30C7102DD31000C3B3FB /* SC_common.h */,
				A92F30CA102DD31000C3B3FB /* SC_ids.h */,
				A92F30CB102DD31000C3B3FB /* SC_ids.m */,
				A92F30CC102DD31000C3B3FB /* SC_init.m */,
				A92F30E9102DD31000C3B3FB /* ShinyCocos.h */,
				A92F30EA102DD31000C3B3FB /* ShinyCocos.m */,
			);
			name = Base;
			sourceTree = "<group>";
		};
		A92F30B7102DD2F400C3B3FB /* Cocos2D Classes */ = {
			isa = PBXGroup;
			children = (
				A92F30B9102DD31000C3B3FB /* SC_Action.h */,
				A92F30BA102DD31000C3B3FB /* SC_Action.m */,
				A92F30BB102DD31000C3B3FB /* SC_AtlasSprite.h */,
				A92F30BC102DD31000C3B3FB /* SC_AtlasSprite.m */,
				A92F30BD102DD31000C3B3FB /* SC_AtlasSpriteManager.h */,
				A92F30BE102DD31000C3B3FB /* SC_AtlasSpriteManager.m */,
				A92F30BF102DD31000C3B3FB /* SC_AVAudioPlayer.h */,
				A92F30C0102DD31000C3B3FB /* SC_AVAudioPlayer.m */,
				A92F30C1102DD31000C3B3FB /* SC_BitmatFontAtlas.h */,
				A92F30C2102DD31000C3B3FB /* SC_BitmatFontAtlas.m */,
				A92F30C3102DD31000C3B3FB /* SC_CocoaAdditions.h */,
				A92F30C4102DD31000C3B3FB /* SC_CocoaAdditions.m */,
				A92F30C5102DD31000C3B3FB /* SC_CocosNode.h */,
				A92F30C6102DD31000C3B3FB /* SC_CocosNode.m */,
				A92F30C8102DD31000C3B3FB /* SC_Director.h */,
				A92F30C9102DD31000C3B3FB /* SC_Director.m */,
				A92F30CD102DD31000C3B3FB /* SC_Label.h */,
				A92F30CE102DD31000C3B3FB /* SC_Label.m */,
				A92F30CF102DD31000C3B3FB /* SC_LabelAtlas.h */,
				A92F30D0102DD31000C3B3FB /* SC_LabelAtlas.m */,
				A92F30D1102DD31000C3B3FB /* SC_Layer.h */,
				A92F30D2102DD31000C3B3FB /* SC_Layer.m */,
				A92F30D3102DD31000C3B3FB /* SC_Menu.h */,
				A92F30D4102DD31000C3B3FB /* SC_Menu.m */,
				A92F30D5102DD31000C3B3FB /* SC_Scene.h */,
				A92F30D6102DD31000C3B3FB /* SC_Scene.m */,
				A92F30D9102DD31000C3B3FB /* SC_SolidShapeMap.h */,
				A92F30DA102DD31000C3B3FB /* SC_SolidShapeMap.m */,
				A92F30DB102DD31000C3B3FB /* SC_Sprite.h */,
				A92F30DC102DD31000C3B3FB /* SC_Sprite.m */,
				A92F30DF102DD31000C3B3FB /* SC_TextureNode.h */,
				A92F30E0102DD31000C3B3FB /* SC_TextureNode.m */,
				A92F30E1102DD31000C3B3FB /* SC_TMXTiledMap.h */,
				A92F30E2102DD31000C3B3FB /* SC_TMXTiledMap.m */,
				A92F30E3102DD31000C3B3FB /* SC_Transition.h */,
				A92F30E4102DD31000C3B3FB /* SC_Transition.m */,
			);
			name = "Cocos2D Classes";
			sourceTree = "<group>";
		};
		A92F30B8102DD30200C3B3FB /* Extras */ = {
			isa = PBXGroup;
			children = (
				A9190D7A10308D31004847A1 /* Reachability.h */,
				A9190D7B10308D31004847A1 /* Reachability.m */,
				A92F30E5102DD31000C3B3FB /* SC_Twitter.h */,
				A92F30E6102DD31000C3B3FB /* SC_Twitter.m */,
			);
			name = Extras;
			sourceTree = "<group>";
		};
		A92F311D102DD32800C3B3FB /* UI */ = {
			isa = PBXGroup;
			children = (
				A92F30D7102DD31000C3B3FB /* SC_Slider.h */,
				A92F30D8102DD31000C3B3FB /* SC_Slider.m */,
				A92F30DD102DD31000C3B3FB /* SC_TextField.h */,
				A92F30DE102DD31000C3B3FB /* SC_TextField.m */,
				A92F30E7102DD31000C3B3FB /* SC_UserDefaults.h */,
				A92F30E8102DD31000C3B3FB /* SC_UserDefaults.m */,
			);
			name = UI;
			sourceTree = "<group>";
		};
		A92F33EB102DD5C200C3B3FB /* ruby */ = {
			isa = PBXGroup;
			children = (
				A9EF07771030EDE400003DD0 /* missing */,
				A9EF074E1030EDC100003DD0 /* ext */,
				A9EF071B1030ECA700003DD0 /* m10n */,
				A9EF06E81030EC5700003DD0 /* class library */,
				A9EF06CD1030EBFA00003DD0 /* interpreter */,
				A9EF06C21030EBCB00003DD0 /* utility */,
				A9EF06B41030EB7B00003DD0 /* onigurama */,
				A9EF06971030EA8400003DD0 /* yarv */,
				A9EF06921030EA4C00003DD0 /* parser */,
				A9EF067F1030EA1700003DD0 /* core */,
			);
			name = ruby;
			sourceTree = "<group>";
		};
		A9EF067F1030EA1700003DD0 /* core */ = {
			isa = PBXGroup;
			children = (
				A9EF06821030EA3700003DD0 /* class.c */,
				A9EF06831030EA3700003DD0 /* error.c */,
				A9EF06841030EA3700003DD0 /* gc.c */,
				A9EF06851030EA3700003DD0 /* load.c */,
				A9EF06861030EA3700003DD0 /* object.c */,
				A9EF06871030EA3700003DD0 /* variable.c */,
			);
			name = core;
			sourceTree = "<group>";
		};
		A9EF06921030EA4C00003DD0 /* parser */ = {
			isa = PBXGroup;
			children = (
				A9EF06931030EA5B00003DD0 /* parse.c */,
			);
			name = parser;
			sourceTree = "<group>";
		};
		A9EF06971030EA8400003DD0 /* yarv */ = {
			isa = PBXGroup;
			children = (
				A9EF06A21030EB1100003DD0 /* iseq.c */,
				A9EF06A31030EB1100003DD0 /* thread.c */,
				A9EF06A41030EB1100003DD0 /* thread_pthread.c */,
				A9EF06A51030EB1100003DD0 /* vm.c */,
				A9EF06A61030EB1100003DD0 /* vm_dump.c */,
				A9EF069A1030EAD300003DD0 /* compile.c */,
				A9EF069B1030EAD300003DD0 /* eval.c */,
				A9EF06981030EABA00003DD0 /* blockinlining.c */,
			);
			name = yarv;
			sourceTree = "<group>";
		};
		A9EF06B41030EB7B00003DD0 /* onigurama */ = {
			isa = PBXGroup;
			children = (
				A9EF06B51030EBA000003DD0 /* regcomp.c */,
				A9EF06B61030EBA000003DD0 /* regenc.c */,
				A9EF06B71030EBA000003DD0 /* regerror.c */,
				A9EF06B81030EBA000003DD0 /* regexec.c */,
				A9EF06B91030EBA000003DD0 /* regparse.c */,
				A9EF06BA1030EBA000003DD0 /* regsyntax.c */,
			);
			name = onigurama;
			sourceTree = "<group>";
		};
		A9EF06C21030EBCB00003DD0 /* utility */ = {
			isa = PBXGroup;
			children = (
				A9EF06C31030EBEB00003DD0 /* debug.c */,
				A9EF06C41030EBEB00003DD0 /* dln.c */,
				A9EF06C51030EBEB00003DD0 /* st.c */,
				A9EF06C61030EBEB00003DD0 /* strftime.c */,
				A9EF06C71030EBEB00003DD0 /* util.c */,
			);
			name = utility;
			sourceTree = "<group>";
		};
		A9EF06CD1030EBFA00003DD0 /* interpreter */ = {
			isa = PBXGroup;
			children = (
				A9EF06CE1030EC2200003DD0 /* dmydln.c */,
				A9EF06CF1030EC2200003DD0 /* dmyencoding.c */,
				A9EF06D01030EC2200003DD0 /* dmyext.c */,
				A9EF06D21030EC2200003DD0 /* inits.c */,
				A9EF074B1030ED9400003DD0 /* prelude.c */,
				A9EF06D31030EC2200003DD0 /* ruby.c */,
				A9EF07421030ED2600003DD0 /* safe.c */,
				A9EF06D41030EC2200003DD0 /* version.c */,
			);
			name = interpreter;
			sourceTree = "<group>";
		};
		A9EF06E81030EC5700003DD0 /* class library */ = {
			isa = PBXGroup;
			children = (
				A9EF06E91030EC9800003DD0 /* array.c */,
				A9EF06EA1030EC9800003DD0 /* bignum.c */,
				A9EF06EB1030EC9800003DD0 /* compar.c */,
				A9EF06EC1030EC9800003DD0 /* complex.c */,
				A9EF06ED1030EC9800003DD0 /* cont.c */,
				A9EF06EE1030EC9800003DD0 /* dir.c */,
				A9EF06EF1030EC9800003DD0 /* enum.c */,
				A9EF06F01030EC9800003DD0 /* enumerator.c */,
				A9EF06F11030EC9800003DD0 /* file.c */,
				A9EF06F21030EC9800003DD0 /* hash.c */,
				A9EF06F31030EC9800003DD0 /* io.c */,
				A9EF06F41030EC9800003DD0 /* marshal.c */,
				A9EF06F51030EC9800003DD0 /* math.c */,
				A9EF06F61030EC9800003DD0 /* numeric.c */,
				A9EF06F71030EC9800003DD0 /* pack.c */,
				A9EF06F81030EC9800003DD0 /* proc.c */,
				A9EF07481030ED6900003DD0 /* process.c */,
				A9EF06F91030EC9800003DD0 /* random.c */,
				A9EF06FA1030EC9800003DD0 /* range.c */,
				A9EF06FB1030EC9800003DD0 /* rational.c */,
				A9EF06FC1030EC9800003DD0 /* re.c */,
				A9EF06FD1030EC9800003DD0 /* signal.c */,
				A9EF06FE1030EC9800003DD0 /* sprintf.c */,
				A9EF06FF1030EC9800003DD0 /* string.c */,
				A9EF07001030EC9800003DD0 /* struct.c */,
				A9EF07011030EC9800003DD0 /* time.c */,
			);
			name = "class library";
			sourceTree = "<group>";
		};
		A9EF071B1030ECA700003DD0 /* m10n */ = {
			isa = PBXGroup;
			children = (
				A9EF07251030ECE600003DD0 /* enc */,
				A9EF07451030ED4A00003DD0 /* newline.c */,
				A9EF07201030ECD200003DD0 /* encoding.c */,
				A9EF07211030ECD200003DD0 /* transcode.c */,
			);
			name = m10n;
			sourceTree = "<group>";
		};
		A9EF07251030ECE600003DD0 /* enc */ = {
			isa = PBXGroup;
			children = (
				A9EF07261030ECE600003DD0 /* ascii.c */,
				A9EF07271030ECE600003DD0 /* big5.c */,
				A9EF07281030ECE600003DD0 /* cp949.c */,
				A9EF07291030ECE600003DD0 /* encdb.c */,
				A9EF072A1030ECE600003DD0 /* euc_jp.c */,
				A9EF072B1030ECE600003DD0 /* shift_jis.c */,
				A9EF072C1030ECE600003DD0 /* unicode.c */,
				A9EF072D1030ECE600003DD0 /* us_ascii.c */,
				A9EF072E1030ECE600003DD0 /* utf_16be.c */,
				A9EF072F1030ECE600003DD0 /* utf_32be.c */,
				A9EF07301030ECE600003DD0 /* utf_8.c */,
			);
			name = enc;
			path = ruby/enc;
			sourceTree = "<group>";
		};
		A9EF074E1030EDC100003DD0 /* ext */ = {
			isa = PBXGroup;
			children = (
				A9EF074F1030EDC100003DD0 /* stringio */,
				A9EF07511030EDC100003DD0 /* strscan */,
				A9EF07531030EDC100003DD0 /* syck */,
				A9EF07611030EDC100003DD0 /* zlib */,
			);
			name = ext;
			path = ruby/ext;
			sourceTree = "<group>";
		};
		A9EF074F1030EDC100003DD0 /* stringio */ = {
			isa = PBXGroup;
			children = (
				A9EF07501030EDC100003DD0 /* stringio.c */,
			);
			path = stringio;
			sourceTree = "<group>";
		};
		A9EF07511030EDC100003DD0 /* strscan */ = {
			isa = PBXGroup;
			children = (
				A9EF07521030EDC100003DD0 /* strscan.c */,
			);
			path = strscan;
			sourceTree = "<group>";
		};
		A9EF07531030EDC100003DD0 /* syck */ = {
			isa = PBXGroup;
			children = (
				A9EF07541030EDC100003DD0 /* bytecode.c */,
				A9EF07551030EDC100003DD0 /* emitter.c */,
				A9EF07561030EDC100003DD0 /* gram.c */,
				A9EF07571030EDC100003DD0 /* gram.h */,
				A9EF07581030EDC100003DD0 /* handler.c */,
				A9EF07591030EDC100003DD0 /* implicit.c */,
				A9EF075A1030EDC100003DD0 /* node.c */,
				A9EF075B1030EDC100003DD0 /* rubyext.c */,
				A9EF075C1030EDC100003DD0 /* syck.c */,
				A9EF075D1030EDC100003DD0 /* syck.h */,
				A9EF075E1030EDC100003DD0 /* token.c */,
				A9EF075F1030EDC100003DD0 /* yaml2byte.c */,
				A9EF07601030EDC100003DD0 /* yamlbyte.h */,
			);
			path = syck;
			sourceTree = "<group>";
		};
		A9EF07611030EDC100003DD0 /* zlib */ = {
			isa = PBXGroup;
			children = (
				A9EF07621030EDC100003DD0 /* zlib.c */,
			);
			path = zlib;
			sourceTree = "<group>";
		};
		A9EF07771030EDE400003DD0 /* missing */ = {
			isa = PBXGroup;
			children = (
				A9EF07751030EDE000003DD0 /* lgamma_r.c */,
			);
			name = missing;
			sourceTree = "<group>";
		};
/* End PBXGroup section */

/* Begin PBXHeadersBuildPhase section */
		D2AAC07A0554694100DB518D /* Headers */ = {
			isa = PBXHeadersBuildPhase;
			buildActionMask = 2147483647;
			files = (
				AA747D9F0F9514B9006C5449 /* ShinyCocos_Prefix.pch in Headers */,
				A92F30AF102DD2EA00C3B3FB /* rb_chipmunk.h in Headers */,
				A92F30EB102DD31000C3B3FB /* SC_Action.h in Headers */,
				A92F30ED102DD31000C3B3FB /* SC_AtlasSprite.h in Headers */,
				A92F30EF102DD31000C3B3FB /* SC_AtlasSpriteManager.h in Headers */,
				A92F30F1102DD31000C3B3FB /* SC_AVAudioPlayer.h in Headers */,
				A92F30F3102DD31000C3B3FB /* SC_BitmatFontAtlas.h in Headers */,
				A92F30F5102DD31000C3B3FB /* SC_CocoaAdditions.h in Headers */,
				A92F30F7102DD31000C3B3FB /* SC_CocosNode.h in Headers */,
				A92F30F9102DD31000C3B3FB /* SC_common.h in Headers */,
				A92F30FA102DD31000C3B3FB /* SC_Director.h in Headers */,
				A92F30FC102DD31000C3B3FB /* SC_ids.h in Headers */,
				A92F30FF102DD31000C3B3FB /* SC_Label.h in Headers */,
				A92F3101102DD31000C3B3FB /* SC_LabelAtlas.h in Headers */,
				A92F3103102DD31000C3B3FB /* SC_Layer.h in Headers */,
				A92F3105102DD31000C3B3FB /* SC_Menu.h in Headers */,
				A92F3107102DD31000C3B3FB /* SC_Scene.h in Headers */,
				A92F3109102DD31000C3B3FB /* SC_Slider.h in Headers */,
				A92F310B102DD31000C3B3FB /* SC_SolidShapeMap.h in Headers */,
				A92F310D102DD31000C3B3FB /* SC_Sprite.h in Headers */,
				A92F310F102DD31000C3B3FB /* SC_TextField.h in Headers */,
				A92F3111102DD31000C3B3FB /* SC_TextureNode.h in Headers */,
				A92F3113102DD31000C3B3FB /* SC_TMXTiledMap.h in Headers */,
				A92F3115102DD31000C3B3FB /* SC_Transition.h in Headers */,
				A92F3117102DD31000C3B3FB /* SC_Twitter.h in Headers */,
				A92F3119102DD31000C3B3FB /* SC_UserDefaults.h in Headers */,
				A92F311B102DD31000C3B3FB /* ShinyCocos.h in Headers */,
				A9190D7C10308D31004847A1 /* Reachability.h in Headers */,
				A9EF07681030EDC100003DD0 /* gram.h in Headers */,
				A9EF076E1030EDC100003DD0 /* syck.h in Headers */,
				A9EF07711030EDC100003DD0 /* yamlbyte.h in Headers */,
			);
			runOnlyForDeploymentPostprocessing = 0;
		};
/* End PBXHeadersBuildPhase section */

/* Begin PBXNativeTarget section */
		D2AAC07D0554694100DB518D /* ShinyCocos */ = {
			isa = PBXNativeTarget;
			buildConfigurationList = 1DEB921E08733DC00010E9CD /* Build configuration list for PBXNativeTarget "ShinyCocos" */;
			buildPhases = (
				D2AAC07A0554694100DB518D /* Headers */,
				D2AAC07B0554694100DB518D /* Sources */,
				D2AAC07C0554694100DB518D /* Frameworks */,
			);
			buildRules = (
			);
			dependencies = (
			);
			name = ShinyCocos;
			productName = ShinyCocos;
			productReference = D2AAC07E0554694100DB518D /* libShinyCocos.a */;
			productType = "com.apple.product-type.library.static";
		};
/* End PBXNativeTarget section */

/* Begin PBXProject section */
		0867D690FE84028FC02AAC07 /* Project object */ = {
			isa = PBXProject;
			buildConfigurationList = 1DEB922208733DC00010E9CD /* Build configuration list for PBXProject "ShinyCocos" */;
			compatibilityVersion = "Xcode 3.1";
			hasScannedForEncodings = 1;
			mainGroup = 0867D691FE84028FC02AAC07 /* ShinyCocos */;
			productRefGroup = 034768DFFF38A50411DB9C8B /* Products */;
			projectDirPath = "";
			projectRoot = "";
			targets = (
				D2AAC07D0554694100DB518D /* ShinyCocos */,
			);
		};
/* End PBXProject section */

/* Begin PBXSourcesBuildPhase section */
		D2AAC07B0554694100DB518D /* Sources */ = {
			isa = PBXSourcesBuildPhase;
			buildActionMask = 2147483647;
			files = (
				A92F30AE102DD2EA00C3B3FB /* rb_chipmunk.c in Sources */,
				A92F30B0102DD2EA00C3B3FB /* rb_cpBB.c in Sources */,
				A92F30B1102DD2EA00C3B3FB /* rb_cpBody.c in Sources */,
				A92F30B2102DD2EA00C3B3FB /* rb_cpJoint.c in Sources */,
				A92F30B3102DD2EA00C3B3FB /* rb_cpShape.c in Sources */,
				A92F30B4102DD2EA00C3B3FB /* rb_cpSpace.c in Sources */,
				A92F30B5102DD2EA00C3B3FB /* rb_cpVect.c in Sources */,
				A92F30EC102DD31000C3B3FB /* SC_Action.m in Sources */,
				A92F30EE102DD31000C3B3FB /* SC_AtlasSprite.m in Sources */,
				A92F30F0102DD31000C3B3FB /* SC_AtlasSpriteManager.m in Sources */,
				A92F30F2102DD31000C3B3FB /* SC_AVAudioPlayer.m in Sources */,
				A92F30F4102DD31000C3B3FB /* SC_BitmatFontAtlas.m in Sources */,
				A92F30F6102DD31000C3B3FB /* SC_CocoaAdditions.m in Sources */,
				A92F30F8102DD31000C3B3FB /* SC_CocosNode.m in Sources */,
				A92F30FB102DD31000C3B3FB /* SC_Director.m in Sources */,
				A92F30FD102DD31000C3B3FB /* SC_ids.m in Sources */,
				A92F30FE102DD31000C3B3FB /* SC_init.m in Sources */,
				A92F3100102DD31000C3B3FB /* SC_Label.m in Sources */,
				A92F3102102DD31000C3B3FB /* SC_LabelAtlas.m in Sources */,
				A92F3104102DD31000C3B3FB /* SC_Layer.m in Sources */,
				A92F3106102DD31000C3B3FB /* SC_Menu.m in Sources */,
				A92F3108102DD31000C3B3FB /* SC_Scene.m in Sources */,
				A92F310A102DD31000C3B3FB /* SC_Slider.m in Sources */,
				A92F310C102DD31000C3B3FB /* SC_SolidShapeMap.m in Sources */,
				A92F310E102DD31000C3B3FB /* SC_Sprite.m in Sources */,
				A92F3110102DD31000C3B3FB /* SC_TextField.m in Sources */,
				A92F3112102DD31000C3B3FB /* SC_TextureNode.m in Sources */,
				A92F3114102DD31000C3B3FB /* SC_TMXTiledMap.m in Sources */,
				A92F3116102DD31000C3B3FB /* SC_Transition.m in Sources */,
				A92F3118102DD31000C3B3FB /* SC_Twitter.m in Sources */,
				A92F311A102DD31000C3B3FB /* SC_UserDefaults.m in Sources */,
				A92F311C102DD31000C3B3FB /* ShinyCocos.m in Sources */,
				A9190D7D10308D31004847A1 /* Reachability.m in Sources */,
				A9EF06881030EA3700003DD0 /* class.c in Sources */,
				A9EF06891030EA3700003DD0 /* error.c in Sources */,
				A9EF068A1030EA3700003DD0 /* gc.c in Sources */,
				A9EF068B1030EA3700003DD0 /* load.c in Sources */,
				A9EF068C1030EA3700003DD0 /* object.c in Sources */,
				A9EF068D1030EA3700003DD0 /* variable.c in Sources */,
				A9EF06941030EA5C00003DD0 /* parse.c in Sources */,
				A9EF06991030EABA00003DD0 /* blockinlining.c in Sources */,
				A9EF069E1030EAD300003DD0 /* compile.c in Sources */,
				A9EF069F1030EAD300003DD0 /* eval.c in Sources */,
				A9EF06AB1030EB1100003DD0 /* iseq.c in Sources */,
				A9EF06AC1030EB1100003DD0 /* thread.c in Sources */,
				A9EF06AD1030EB1100003DD0 /* thread_pthread.c in Sources */,
				A9EF06AE1030EB1100003DD0 /* vm.c in Sources */,
				A9EF06AF1030EB1100003DD0 /* vm_dump.c in Sources */,
				A9EF06BB1030EBA000003DD0 /* regcomp.c in Sources */,
				A9EF06BC1030EBA000003DD0 /* regenc.c in Sources */,
				A9EF06BD1030EBA000003DD0 /* regerror.c in Sources */,
				A9EF06BE1030EBA000003DD0 /* regexec.c in Sources */,
				A9EF06BF1030EBA000003DD0 /* regparse.c in Sources */,
				A9EF06C01030EBA000003DD0 /* regsyntax.c in Sources */,
				A9EF06C81030EBEB00003DD0 /* debug.c in Sources */,
				A9EF06C91030EBEB00003DD0 /* dln.c in Sources */,
				A9EF06CA1030EBEB00003DD0 /* st.c in Sources */,
				A9EF06CB1030EBEB00003DD0 /* strftime.c in Sources */,
				A9EF06CC1030EBEB00003DD0 /* util.c in Sources */,
				A9EF06D51030EC2200003DD0 /* dmydln.c in Sources */,
				A9EF06D61030EC2200003DD0 /* dmyencoding.c in Sources */,
				A9EF06D71030EC2200003DD0 /* dmyext.c in Sources */,
				A9EF06D91030EC2200003DD0 /* inits.c in Sources */,
				A9EF06DA1030EC2200003DD0 /* ruby.c in Sources */,
				A9EF06DB1030EC2200003DD0 /* version.c in Sources */,
				A9EF07021030EC9800003DD0 /* array.c in Sources */,
				A9EF07031030EC9800003DD0 /* bignum.c in Sources */,
				A9EF07041030EC9800003DD0 /* compar.c in Sources */,
				A9EF07051030EC9800003DD0 /* complex.c in Sources */,
				A9EF07061030EC9800003DD0 /* cont.c in Sources */,
				A9EF07071030EC9800003DD0 /* dir.c in Sources */,
				A9EF07081030EC9800003DD0 /* enum.c in Sources */,
				A9EF07091030EC9800003DD0 /* enumerator.c in Sources */,
				A9EF070A1030EC9800003DD0 /* file.c in Sources */,
				A9EF070B1030EC9800003DD0 /* hash.c in Sources */,
				A9EF070C1030EC9800003DD0 /* io.c in Sources */,
				A9EF070D1030EC9800003DD0 /* marshal.c in Sources */,
				A9EF070E1030EC9800003DD0 /* math.c in Sources */,
				A9EF070F1030EC9800003DD0 /* numeric.c in Sources */,
				A9EF07101030EC9800003DD0 /* pack.c in Sources */,
				A9EF07111030EC9800003DD0 /* proc.c in Sources */,
				A9EF07121030EC9800003DD0 /* random.c in Sources */,
				A9EF07131030EC9800003DD0 /* range.c in Sources */,
				A9EF07141030EC9800003DD0 /* rational.c in Sources */,
				A9EF07151030EC9800003DD0 /* re.c in Sources */,
				A9EF07161030EC9800003DD0 /* signal.c in Sources */,
				A9EF07171030EC9800003DD0 /* sprintf.c in Sources */,
				A9EF07181030EC9800003DD0 /* string.c in Sources */,
				A9EF07191030EC9800003DD0 /* struct.c in Sources */,
				A9EF071A1030EC9800003DD0 /* time.c in Sources */,
				A9EF07221030ECD200003DD0 /* encoding.c in Sources */,
				A9EF07231030ECD200003DD0 /* transcode.c in Sources */,
				A9EF07311030ECE600003DD0 /* ascii.c in Sources */,
				A9EF07321030ECE600003DD0 /* big5.c in Sources */,
				A9EF07331030ECE600003DD0 /* cp949.c in Sources */,
				A9EF07341030ECE600003DD0 /* encdb.c in Sources */,
				A9EF07351030ECE600003DD0 /* euc_jp.c in Sources */,
				A9EF07361030ECE600003DD0 /* shift_jis.c in Sources */,
				A9EF07371030ECE600003DD0 /* unicode.c in Sources */,
				A9EF07381030ECE600003DD0 /* us_ascii.c in Sources */,
				A9EF07391030ECE600003DD0 /* utf_16be.c in Sources */,
				A9EF073A1030ECE600003DD0 /* utf_32be.c in Sources */,
				A9EF073B1030ECE600003DD0 /* utf_8.c in Sources */,
				A9EF07431030ED2600003DD0 /* safe.c in Sources */,
				A9EF07461030ED4A00003DD0 /* newline.c in Sources */,
				A9EF07491030ED6900003DD0 /* process.c in Sources */,
				A9EF074C1030ED9400003DD0 /* prelude.c in Sources */,
				A9EF07631030EDC100003DD0 /* stringio.c in Sources */,
				A9EF07641030EDC100003DD0 /* strscan.c in Sources */,
				A9EF07651030EDC100003DD0 /* bytecode.c in Sources */,
				A9EF07661030EDC100003DD0 /* emitter.c in Sources */,
				A9EF07671030EDC100003DD0 /* gram.c in Sources */,
				A9EF07691030EDC100003DD0 /* handler.c in Sources */,
				A9EF076A1030EDC100003DD0 /* implicit.c in Sources */,
				A9EF076B1030EDC100003DD0 /* node.c in Sources */,
				A9EF076C1030EDC100003DD0 /* rubyext.c in Sources */,
				A9EF076D1030EDC100003DD0 /* syck.c in Sources */,
				A9EF076F1030EDC100003DD0 /* token.c in Sources */,
				A9EF07701030EDC100003DD0 /* yaml2byte.c in Sources */,
				A9EF07721030EDC100003DD0 /* zlib.c in Sources */,
				A9EF07761030EDE000003DD0 /* lgamma_r.c in Sources */,
			);
			runOnlyForDeploymentPostprocessing = 0;
		};
/* End PBXSourcesBuildPhase section */

/* Begin XCBuildConfiguration section */
		1DEB921F08733DC00010E9CD /* Debug */ = {
			isa = XCBuildConfiguration;
			buildSettings = {
				ALWAYS_SEARCH_USER_PATHS = NO;
				ARCHS = "$(ARCHS_STANDARD_32_BIT)";
				COPY_PHASE_STRIP = NO;
				DSTROOT = /tmp/ShinyCocos.dst;
				GCC_DYNAMIC_NO_PIC = NO;
				GCC_ENABLE_FIX_AND_CONTINUE = YES;
				GCC_MODEL_TUNING = G5;
				GCC_OPTIMIZATION_LEVEL = 0;
				GCC_PRECOMPILE_PREFIX_HEADER = YES;
				GCC_PREFIX_HEADER = ShinyCocos_Prefix.pch;
				GCC_VERSION = 4.2;
				HEADER_SEARCH_PATHS = (
					"./ruby/**",
					"./cocos2d-iphone/cocos2d/**",
					"./cocos2d-iphone/external/Chipmunk/src",
				);
				INSTALL_PATH = /usr/local/lib;
				OTHER_LDFLAGS = "-ObjC";
				PRODUCT_NAME = ShinyCocos;
				SDKROOT = iphoneos2.2.1;
			};
			name = Debug;
		};
		1DEB922008733DC00010E9CD /* Release */ = {
			isa = XCBuildConfiguration;
			buildSettings = {
				ALWAYS_SEARCH_USER_PATHS = NO;
				ARCHS = "$(ARCHS_STANDARD_32_BIT)";
				DSTROOT = /tmp/ShinyCocos.dst;
				GCC_MODEL_TUNING = G5;
				GCC_PRECOMPILE_PREFIX_HEADER = YES;
				GCC_PREFIX_HEADER = ShinyCocos_Prefix.pch;
				HEADER_SEARCH_PATHS = (
					"./ruby/**",
					"./cocos2d-iphone/cocos2d/**",
					"./cocos2d-iphone/external/Chipmunk/src",
				);
				INSTALL_PATH = /usr/local/lib;
				PRODUCT_NAME = ShinyCocos;
				SDKROOT = iphoneos2.2.1;
			};
			name = Release;
		};
		1DEB922308733DC00010E9CD /* Debug */ = {
			isa = XCBuildConfiguration;
			buildSettings = {
				ARCHS = "$(ARCHS_STANDARD_32_BIT)";
				GCC_C_LANGUAGE_STANDARD = c99;
				GCC_OPTIMIZATION_LEVEL = 0;
				GCC_VERSION = 4.2;
				GCC_WARN_ABOUT_RETURN_TYPE = YES;
				GCC_WARN_UNUSED_VARIABLE = YES;
				OTHER_LDFLAGS = "-ObjC";
				PREBINDING = NO;
				SDKROOT = iphoneos3.0;
			};
			name = Debug;
		};
		1DEB922408733DC00010E9CD /* Release */ = {
			isa = XCBuildConfiguration;
			buildSettings = {
				ARCHS = "$(ARCHS_STANDARD_32_BIT)";
				GCC_C_LANGUAGE_STANDARD = c99;
				GCC_WARN_ABOUT_RETURN_TYPE = YES;
				GCC_WARN_UNUSED_VARIABLE = YES;
				OTHER_LDFLAGS = "-ObjC";
				PREBINDING = NO;
				SDKROOT = iphoneos3.0;
			};
			name = Release;
		};
/* End XCBuildConfiguration section */

/* Begin XCConfigurationList section */
		1DEB921E08733DC00010E9CD /* Build configuration list for PBXNativeTarget "ShinyCocos" */ = {
			isa = XCConfigurationList;
			buildConfigurations = (
				1DEB921F08733DC00010E9CD /* Debug */,
				1DEB922008733DC00010E9CD /* Release */,
			);
			defaultConfigurationIsVisible = 0;
			defaultConfigurationName = Release;
		};
		1DEB922208733DC00010E9CD /* Build configuration list for PBXProject "ShinyCocos" */ = {
			isa = XCConfigurationList;
			buildConfigurations = (
				1DEB922308733DC00010E9CD /* Debug */,
				1DEB922408733DC00010E9CD /* Release */,
			);
			defaultConfigurationIsVisible = 0;
			defaultConfigurationName = Release;
		};
/* End XCConfigurationList section */
	};
	rootObject = 0867D690FE84028FC02AAC07 /* Project object */;
}
